<?xml version="1.0" encoding="utf-8"?>
<Project ToolsVersion="4.0" xmlns="http://schemas.microsoft.com/developer/msbuild/2003">
  <ItemGroup>
    <Filter Include="Source Files">
      <UniqueIdentifier>{4FC737F1-C7A5-4376-A066-2A32D752A2FF}</UniqueIdentifier>
      <Extensions>cpp;c;cc;cxx;def;odl;idl;hpj;bat;asm;asmx</Extensions>
    </Filter>
    <Filter Include="Header Files">
      <UniqueIdentifier>{93995380-89BD-4b04-88EB-625FBE52EBFB}</UniqueIdentifier>
      <Extensions>h;hh;hpp;hxx;hm;inl;inc;xsd</Extensions>
    </Filter>
    <Filter Include="Resource Files">
      <UniqueIdentifier>{67DA6AB6-F800-4c08-8B7A-83BB121AAD01}</UniqueIdentifier>
      <Extensions>rc;ico;cur;bmp;dlg;rc2;rct;bin;rgs;gif;jpg;jpeg;jpe;resx;tiff;tif;png;wav;mfcribbon-ms</Extensions>
    </Filter>
  </ItemGroup>
  <ItemGroup>
    <Text Include="ReadMe.txt" />
  </ItemGroup>
  <ItemGroup>
    <ClInclude Include="stdafx.h">
      <Filter>Header Files</Filter>
    </ClInclude>
    <ClInclude Include="targetver.h">
      <Filter>Header Files</Filter>
    </ClInclude>
    <ClInclude Include="..\src\btBulletCollisionCommon.h">
      <Filter>Source Files</Filter>
    </ClInclude>
    <ClInclude Include="..\src\btBulletDynamicsCommon.h">
      <Filter>Source Files</Filter>
    </ClInclude>
    <ClInclude Include="..\src\BulletCollision\BroadphaseCollision\btAxisSweep3.h">
      <Filter>Source Files</Filter>
    </ClInclude>
    <ClInclude Include="..\src\BulletCollision\BroadphaseCollision\btBroadphaseInterface.h">
      <Filter>Source Files</Filter>
    </ClInclude>
    <ClInclude Include="..\src\BulletCollision\BroadphaseCollision\btBroadphaseProxy.h">
      <Filter>Source Files</Filter>
    </ClInclude>
    <ClInclude Include="..\src\BulletCollision\BroadphaseCollision\btCollisionAlgorithm.h">
      <Filter>Source Files</Filter>
    </ClInclude>
    <ClInclude Include="..\src\BulletCollision\BroadphaseCollision\btDbvt.h">
      <Filter>Source Files</Filter>
    </ClInclude>
    <ClInclude Include="..\src\BulletCollision\BroadphaseCollision\btDbvtBroadphase.h">
      <Filter>Source Files</Filter>
    </ClInclude>
    <ClInclude Include="..\src\BulletCollision\BroadphaseCollision\btDispatcher.h">
      <Filter>Source Files</Filter>
    </ClInclude>
    <ClInclude Include="..\src\BulletCollision\BroadphaseCollision\btMultiSapBroadphase.h">
      <Filter>Source Files</Filter>
    </ClInclude>
    <ClInclude Include="..\src\BulletCollision\BroadphaseCollision\btOverlappingPairCache.h">
      <Filter>Source Files</Filter>
    </ClInclude>
    <ClInclude Include="..\src\BulletCollision\BroadphaseCollision\btOverlappingPairCallback.h">
      <Filter>Source Files</Filter>
    </ClInclude>
    <ClInclude Include="..\src\BulletCollision\BroadphaseCollision\btQuantizedBvh.h">
      <Filter>Source Files</Filter>
    </ClInclude>
    <ClInclude Include="..\src\BulletCollision\BroadphaseCollision\btSimpleBroadphase.h">
      <Filter>Source Files</Filter>
    </ClInclude>
    <ClInclude Include="..\src\BulletCollision\CollisionDispatch\btActivatingCollisionAlgorithm.h">
      <Filter>Source Files</Filter>
    </ClInclude>
    <ClInclude Include="..\src\BulletCollision\CollisionDispatch\btBox2dBox2dCollisionAlgorithm.h">
      <Filter>Source Files</Filter>
    </ClInclude>
    <ClInclude Include="..\src\BulletCollision\CollisionDispatch\btBoxBoxCollisionAlgorithm.h">
      <Filter>Source Files</Filter>
    </ClInclude>
    <ClInclude Include="..\src\BulletCollision\CollisionDispatch\btBoxBoxDetector.h">
      <Filter>Source Files</Filter>
    </ClInclude>
    <ClInclude Include="..\src\BulletCollision\CollisionDispatch\btCollisionConfiguration.h">
      <Filter>Source Files</Filter>
    </ClInclude>
    <ClInclude Include="..\src\BulletCollision\CollisionDispatch\btCollisionCreateFunc.h">
      <Filter>Source Files</Filter>
    </ClInclude>
    <ClInclude Include="..\src\BulletCollision\CollisionDispatch\btCollisionDispatcher.h">
      <Filter>Source Files</Filter>
    </ClInclude>
    <ClInclude Include="..\src\BulletCollision\CollisionDispatch\btCollisionObject.h">
      <Filter>Source Files</Filter>
    </ClInclude>
    <ClInclude Include="..\src\BulletCollision\CollisionDispatch\btCollisionObjectWrapper.h">
      <Filter>Source Files</Filter>
    </ClInclude>
    <ClInclude Include="..\src\BulletCollision\CollisionDispatch\btCollisionWorld.h">
      <Filter>Source Files</Filter>
    </ClInclude>
    <ClInclude Include="..\src\BulletCollision\CollisionDispatch\btCollisionWorldImporter.h">
      <Filter>Source Files</Filter>
    </ClInclude>
    <ClInclude Include="..\src\BulletCollision\CollisionDispatch\btCompoundCollisionAlgorithm.h">
      <Filter>Source Files</Filter>
    </ClInclude>
    <ClInclude Include="..\src\BulletCollision\CollisionDispatch\btCompoundCompoundCollisionAlgorithm.h">
      <Filter>Source Files</Filter>
    </ClInclude>
    <ClInclude Include="..\src\BulletCollision\CollisionDispatch\btConvex2dConvex2dAlgorithm.h">
      <Filter>Source Files</Filter>
    </ClInclude>
    <ClInclude Include="..\src\BulletCollision\CollisionDispatch\btConvexConcaveCollisionAlgorithm.h">
      <Filter>Source Files</Filter>
    </ClInclude>
    <ClInclude Include="..\src\BulletCollision\CollisionDispatch\btConvexConvexAlgorithm.h">
      <Filter>Source Files</Filter>
    </ClInclude>
    <ClInclude Include="..\src\BulletCollision\CollisionDispatch\btConvexPlaneCollisionAlgorithm.h">
      <Filter>Source Files</Filter>
    </ClInclude>
    <ClInclude Include="..\src\BulletCollision\CollisionDispatch\btDefaultCollisionConfiguration.h">
      <Filter>Source Files</Filter>
    </ClInclude>
    <ClInclude Include="..\src\BulletCollision\CollisionDispatch\btEmptyCollisionAlgorithm.h">
      <Filter>Source Files</Filter>
    </ClInclude>
    <ClInclude Include="..\src\BulletCollision\CollisionDispatch\btGhostObject.h">
      <Filter>Source Files</Filter>
    </ClInclude>
    <ClInclude Include="..\src\BulletCollision\CollisionDispatch\btHashedSimplePairCache.h">
      <Filter>Source Files</Filter>
    </ClInclude>
    <ClInclude Include="..\src\BulletCollision\CollisionDispatch\btInternalEdgeUtility.h">
      <Filter>Source Files</Filter>
    </ClInclude>
    <ClInclude Include="..\src\BulletCollision\CollisionDispatch\btManifoldResult.h">
      <Filter>Source Files</Filter>
    </ClInclude>
    <ClInclude Include="..\src\BulletCollision\CollisionDispatch\btSimulationIslandManager.h">
      <Filter>Source Files</Filter>
    </ClInclude>
    <ClInclude Include="..\src\BulletCollision\CollisionDispatch\btSphereBoxCollisionAlgorithm.h">
      <Filter>Source Files</Filter>
    </ClInclude>
    <ClInclude Include="..\src\BulletCollision\CollisionDispatch\btSphereSphereCollisionAlgorithm.h">
      <Filter>Source Files</Filter>
    </ClInclude>
    <ClInclude Include="..\src\BulletCollision\CollisionDispatch\btSphereTriangleCollisionAlgorithm.h">
      <Filter>Source Files</Filter>
    </ClInclude>
    <ClInclude Include="..\src\BulletCollision\CollisionDispatch\btUnionFind.h">
      <Filter>Source Files</Filter>
    </ClInclude>
    <ClInclude Include="..\src\BulletCollision\CollisionDispatch\SphereTriangleDetector.h">
      <Filter>Source Files</Filter>
    </ClInclude>
    <ClInclude Include="..\src\BulletCollision\CollisionShapes\btBox2dShape.h">
      <Filter>Source Files</Filter>
    </ClInclude>
    <ClInclude Include="..\src\BulletCollision\CollisionShapes\btBoxShape.h">
      <Filter>Source Files</Filter>
    </ClInclude>
    <ClInclude Include="..\src\BulletCollision\CollisionShapes\btBvhTriangleMeshShape.h">
      <Filter>Source Files</Filter>
    </ClInclude>
    <ClInclude Include="..\src\BulletCollision\CollisionShapes\btCapsuleShape.h">
      <Filter>Source Files</Filter>
    </ClInclude>
    <ClInclude Include="..\src\BulletCollision\CollisionShapes\btCollisionMargin.h">
      <Filter>Source Files</Filter>
    </ClInclude>
    <ClInclude Include="..\src\BulletCollision\CollisionShapes\btCollisionShape.h">
      <Filter>Source Files</Filter>
    </ClInclude>
    <ClInclude Include="..\src\BulletCollision\CollisionShapes\btCompoundShape.h">
      <Filter>Source Files</Filter>
    </ClInclude>
    <ClInclude Include="..\src\BulletCollision\CollisionShapes\btConcaveShape.h">
      <Filter>Source Files</Filter>
    </ClInclude>
    <ClInclude Include="..\src\BulletCollision\CollisionShapes\btConeShape.h">
      <Filter>Source Files</Filter>
    </ClInclude>
    <ClInclude Include="..\src\BulletCollision\CollisionShapes\btConvex2dShape.h">
      <Filter>Source Files</Filter>
    </ClInclude>
    <ClInclude Include="..\src\BulletCollision\CollisionShapes\btConvexHullShape.h">
      <Filter>Source Files</Filter>
    </ClInclude>
    <ClInclude Include="..\src\BulletCollision\CollisionShapes\btConvexInternalShape.h">
      <Filter>Source Files</Filter>
    </ClInclude>
    <ClInclude Include="..\src\BulletCollision\CollisionShapes\btConvexPointCloudShape.h">
      <Filter>Source Files</Filter>
    </ClInclude>
    <ClInclude Include="..\src\BulletCollision\CollisionShapes\btConvexPolyhedron.h">
      <Filter>Source Files</Filter>
    </ClInclude>
    <ClInclude Include="..\src\BulletCollision\CollisionShapes\btConvexShape.h">
      <Filter>Source Files</Filter>
    </ClInclude>
    <ClInclude Include="..\src\BulletCollision\CollisionShapes\btConvexTriangleMeshShape.h">
      <Filter>Source Files</Filter>
    </ClInclude>
    <ClInclude Include="..\src\BulletCollision\CollisionShapes\btCylinderShape.h">
      <Filter>Source Files</Filter>
    </ClInclude>
    <ClInclude Include="..\src\BulletCollision\CollisionShapes\btEmptyShape.h">
      <Filter>Source Files</Filter>
    </ClInclude>
    <ClInclude Include="..\src\BulletCollision\CollisionShapes\btHeightfieldTerrainShape.h">
      <Filter>Source Files</Filter>
    </ClInclude>
    <ClInclude Include="..\src\BulletCollision\CollisionShapes\btMaterial.h">
      <Filter>Source Files</Filter>
    </ClInclude>
    <ClInclude Include="..\src\BulletCollision\CollisionShapes\btMinkowskiSumShape.h">
      <Filter>Source Files</Filter>
    </ClInclude>
    <ClInclude Include="..\src\BulletCollision\CollisionShapes\btMultimaterialTriangleMeshShape.h">
      <Filter>Source Files</Filter>
    </ClInclude>
    <ClInclude Include="..\src\BulletCollision\CollisionShapes\btMultiSphereShape.h">
      <Filter>Source Files</Filter>
    </ClInclude>
    <ClInclude Include="..\src\BulletCollision\CollisionShapes\btOptimizedBvh.h">
      <Filter>Source Files</Filter>
    </ClInclude>
    <ClInclude Include="..\src\BulletCollision\CollisionShapes\btPolyhedralConvexShape.h">
      <Filter>Source Files</Filter>
    </ClInclude>
    <ClInclude Include="..\src\BulletCollision\CollisionShapes\btScaledBvhTriangleMeshShape.h">
      <Filter>Source Files</Filter>
    </ClInclude>
    <ClInclude Include="..\src\BulletCollision\CollisionShapes\btShapeHull.h">
      <Filter>Source Files</Filter>
    </ClInclude>
    <ClInclude Include="..\src\BulletCollision\CollisionShapes\btSphereShape.h">
      <Filter>Source Files</Filter>
    </ClInclude>
    <ClInclude Include="..\src\BulletCollision\CollisionShapes\btStaticPlaneShape.h">
      <Filter>Source Files</Filter>
    </ClInclude>
    <ClInclude Include="..\src\BulletCollision\CollisionShapes\btStridingMeshInterface.h">
      <Filter>Source Files</Filter>
    </ClInclude>
    <ClInclude Include="..\src\BulletCollision\CollisionShapes\btTetrahedronShape.h">
      <Filter>Source Files</Filter>
    </ClInclude>
    <ClInclude Include="..\src\BulletCollision\CollisionShapes\btTriangleBuffer.h">
      <Filter>Source Files</Filter>
    </ClInclude>
    <ClInclude Include="..\src\BulletCollision\CollisionShapes\btTriangleCallback.h">
      <Filter>Source Files</Filter>
    </ClInclude>
    <ClInclude Include="..\src\BulletCollision\CollisionShapes\btTriangleIndexVertexArray.h">
      <Filter>Source Files</Filter>
    </ClInclude>
    <ClInclude Include="..\src\BulletCollision\CollisionShapes\btTriangleIndexVertexMaterialArray.h">
      <Filter>Source Files</Filter>
    </ClInclude>
    <ClInclude Include="..\src\BulletCollision\CollisionShapes\btTriangleInfoMap.h">
      <Filter>Source Files</Filter>
    </ClInclude>
    <ClInclude Include="..\src\BulletCollision\CollisionShapes\btTriangleMesh.h">
      <Filter>Source Files</Filter>
    </ClInclude>
    <ClInclude Include="..\src\BulletCollision\CollisionShapes\btTriangleMeshShape.h">
      <Filter>Source Files</Filter>
    </ClInclude>
    <ClInclude Include="..\src\BulletCollision\CollisionShapes\btTriangleShape.h">
      <Filter>Source Files</Filter>
    </ClInclude>
    <ClInclude Include="..\src\BulletCollision\CollisionShapes\btUniformScalingShape.h">
      <Filter>Source Files</Filter>
    </ClInclude>
    <ClInclude Include="..\src\BulletCollision\Gimpact\btBoxCollision.h">
      <Filter>Source Files</Filter>
    </ClInclude>
    <ClInclude Include="..\src\BulletCollision\Gimpact\btClipPolygon.h">
      <Filter>Source Files</Filter>
    </ClInclude>
    <ClInclude Include="..\src\BulletCollision\Gimpact\btCompoundFromGimpact.h">
      <Filter>Source Files</Filter>
    </ClInclude>
    <ClInclude Include="..\src\BulletCollision\Gimpact\btContactProcessing.h">
      <Filter>Source Files</Filter>
    </ClInclude>
    <ClInclude Include="..\src\BulletCollision\Gimpact\btGenericPoolAllocator.h">
      <Filter>Source Files</Filter>
    </ClInclude>
    <ClInclude Include="..\src\BulletCollision\Gimpact\btGeometryOperations.h">
      <Filter>Source Files</Filter>
    </ClInclude>
    <ClInclude Include="..\src\BulletCollision\Gimpact\btGImpactBvh.h">
      <Filter>Source Files</Filter>
    </ClInclude>
    <ClInclude Include="..\src\BulletCollision\Gimpact\btGImpactCollisionAlgorithm.h">
      <Filter>Source Files</Filter>
    </ClInclude>
    <ClInclude Include="..\src\BulletCollision\Gimpact\btGImpactMassUtil.h">
      <Filter>Source Files</Filter>
    </ClInclude>
    <ClInclude Include="..\src\BulletCollision\Gimpact\btGImpactQuantizedBvh.h">
      <Filter>Source Files</Filter>
    </ClInclude>
    <ClInclude Include="..\src\BulletCollision\Gimpact\btGImpactShape.h">
      <Filter>Source Files</Filter>
    </ClInclude>
    <ClInclude Include="..\src\BulletCollision\Gimpact\btQuantization.h">
      <Filter>Source Files</Filter>
    </ClInclude>
    <ClInclude Include="..\src\BulletCollision\Gimpact\btTriangleShapeEx.h">
      <Filter>Source Files</Filter>
    </ClInclude>
    <ClInclude Include="..\src\BulletCollision\Gimpact\gim_array.h">
      <Filter>Source Files</Filter>
    </ClInclude>
    <ClInclude Include="..\src\BulletCollision\Gimpact\gim_basic_geometry_operations.h">
      <Filter>Source Files</Filter>
    </ClInclude>
    <ClInclude Include="..\src\BulletCollision\Gimpact\gim_bitset.h">
      <Filter>Source Files</Filter>
    </ClInclude>
    <ClInclude Include="..\src\BulletCollision\Gimpact\gim_box_collision.h">
      <Filter>Source Files</Filter>
    </ClInclude>
    <ClInclude Include="..\src\BulletCollision\Gimpact\gim_box_set.h">
      <Filter>Source Files</Filter>
    </ClInclude>
    <ClInclude Include="..\src\BulletCollision\Gimpact\gim_clip_polygon.h">
      <Filter>Source Files</Filter>
    </ClInclude>
    <ClInclude Include="..\src\BulletCollision\Gimpact\gim_contact.h">
      <Filter>Source Files</Filter>
    </ClInclude>
    <ClInclude Include="..\src\BulletCollision\Gimpact\gim_geometry.h">
      <Filter>Source Files</Filter>
    </ClInclude>
    <ClInclude Include="..\src\BulletCollision\Gimpact\gim_geom_types.h">
      <Filter>Source Files</Filter>
    </ClInclude>
    <ClInclude Include="..\src\BulletCollision\Gimpact\gim_hash_table.h">
      <Filter>Source Files</Filter>
    </ClInclude>
    <ClInclude Include="..\src\BulletCollision\Gimpact\gim_linear_math.h">
      <Filter>Source Files</Filter>
    </ClInclude>
    <ClInclude Include="..\src\BulletCollision\Gimpact\gim_math.h">
      <Filter>Source Files</Filter>
    </ClInclude>
    <ClInclude Include="..\src\BulletCollision\Gimpact\gim_memory.h">
      <Filter>Source Files</Filter>
    </ClInclude>
    <ClInclude Include="..\src\BulletCollision\Gimpact\gim_radixsort.h">
      <Filter>Source Files</Filter>
    </ClInclude>
    <ClInclude Include="..\src\BulletCollision\Gimpact\gim_tri_collision.h">
      <Filter>Source Files</Filter>
    </ClInclude>
    <ClInclude Include="..\src\BulletCollision\NarrowPhaseCollision\btComputeGjkEpaPenetration.h">
      <Filter>Source Files</Filter>
    </ClInclude>
    <ClInclude Include="..\src\BulletCollision\NarrowPhaseCollision\btContinuousConvexCollision.h">
      <Filter>Source Files</Filter>
    </ClInclude>
    <ClInclude Include="..\src\BulletCollision\NarrowPhaseCollision\btConvexCast.h">
      <Filter>Source Files</Filter>
    </ClInclude>
    <ClInclude Include="..\src\BulletCollision\NarrowPhaseCollision\btConvexPenetrationDepthSolver.h">
      <Filter>Source Files</Filter>
    </ClInclude>
    <ClInclude Include="..\src\BulletCollision\NarrowPhaseCollision\btDiscreteCollisionDetectorInterface.h">
      <Filter>Source Files</Filter>
    </ClInclude>
    <ClInclude Include="..\src\BulletCollision\NarrowPhaseCollision\btGjkCollisionDescription.h">
      <Filter>Source Files</Filter>
    </ClInclude>
    <ClInclude Include="..\src\BulletCollision\NarrowPhaseCollision\btGjkConvexCast.h">
      <Filter>Source Files</Filter>
    </ClInclude>
    <ClInclude Include="..\src\BulletCollision\NarrowPhaseCollision\btGjkEpa2.h">
      <Filter>Source Files</Filter>
    </ClInclude>
    <ClInclude Include="..\src\BulletCollision\NarrowPhaseCollision\btGjkEpa3.h">
      <Filter>Source Files</Filter>
    </ClInclude>
    <ClInclude Include="..\src\BulletCollision\NarrowPhaseCollision\btGjkEpaPenetrationDepthSolver.h">
      <Filter>Source Files</Filter>
    </ClInclude>
    <ClInclude Include="..\src\BulletCollision\NarrowPhaseCollision\btGjkPairDetector.h">
      <Filter>Source Files</Filter>
    </ClInclude>
    <ClInclude Include="..\src\BulletCollision\NarrowPhaseCollision\btManifoldPoint.h">
      <Filter>Source Files</Filter>
    </ClInclude>
    <ClInclude Include="..\src\BulletCollision\NarrowPhaseCollision\btMinkowskiPenetrationDepthSolver.h">
      <Filter>Source Files</Filter>
    </ClInclude>
    <ClInclude Include="..\src\BulletCollision\NarrowPhaseCollision\btMprPenetration.h">
      <Filter>Source Files</Filter>
    </ClInclude>
    <ClInclude Include="..\src\BulletCollision\NarrowPhaseCollision\btPersistentManifold.h">
      <Filter>Source Files</Filter>
    </ClInclude>
    <ClInclude Include="..\src\BulletCollision\NarrowPhaseCollision\btPointCollector.h">
      <Filter>Source Files</Filter>
    </ClInclude>
    <ClInclude Include="..\src\BulletCollision\NarrowPhaseCollision\btPolyhedralContactClipping.h">
      <Filter>Source Files</Filter>
    </ClInclude>
    <ClInclude Include="..\src\BulletCollision\NarrowPhaseCollision\btRaycastCallback.h">
      <Filter>Source Files</Filter>
    </ClInclude>
    <ClInclude Include="..\src\BulletCollision\NarrowPhaseCollision\btSimplexSolverInterface.h">
      <Filter>Source Files</Filter>
    </ClInclude>
    <ClInclude Include="..\src\BulletCollision\NarrowPhaseCollision\btSubSimplexConvexCast.h">
      <Filter>Source Files</Filter>
    </ClInclude>
    <ClInclude Include="..\src\BulletCollision\NarrowPhaseCollision\btVoronoiSimplexSolver.h">
      <Filter>Source Files</Filter>
    </ClInclude>
    <ClInclude Include="..\src\BulletDynamics\Character\btCharacterControllerInterface.h">
      <Filter>Source Files</Filter>
    </ClInclude>
    <ClInclude Include="..\src\BulletDynamics\Character\btKinematicCharacterController.h">
      <Filter>Source Files</Filter>
    </ClInclude>
    <ClInclude Include="..\src\BulletDynamics\ConstraintSolver\btConeTwistConstraint.h">
      <Filter>Source Files</Filter>
    </ClInclude>
    <ClInclude Include="..\src\BulletDynamics\ConstraintSolver\btConstraintSolver.h">
      <Filter>Source Files</Filter>
    </ClInclude>
    <ClInclude Include="..\src\BulletDynamics\ConstraintSolver\btContactConstraint.h">
      <Filter>Source Files</Filter>
    </ClInclude>
    <ClInclude Include="..\src\BulletDynamics\ConstraintSolver\btContactSolverInfo.h">
      <Filter>Source Files</Filter>
    </ClInclude>
    <ClInclude Include="..\src\BulletDynamics\ConstraintSolver\btFixedConstraint.h">
      <Filter>Source Files</Filter>
    </ClInclude>
    <ClInclude Include="..\src\BulletDynamics\ConstraintSolver\btGearConstraint.h">
      <Filter>Source Files</Filter>
    </ClInclude>
    <ClInclude Include="..\src\BulletDynamics\ConstraintSolver\btGeneric6DofConstraint.h">
      <Filter>Source Files</Filter>
    </ClInclude>
    <ClInclude Include="..\src\BulletDynamics\ConstraintSolver\btGeneric6DofSpring2Constraint.h">
      <Filter>Source Files</Filter>
    </ClInclude>
    <ClInclude Include="..\src\BulletDynamics\ConstraintSolver\btGeneric6DofSpringConstraint.h">
      <Filter>Source Files</Filter>
    </ClInclude>
    <ClInclude Include="..\src\BulletDynamics\ConstraintSolver\btHinge2Constraint.h">
      <Filter>Source Files</Filter>
    </ClInclude>
    <ClInclude Include="..\src\BulletDynamics\ConstraintSolver\btHingeConstraint.h">
      <Filter>Source Files</Filter>
    </ClInclude>
    <ClInclude Include="..\src\BulletDynamics\ConstraintSolver\btJacobianEntry.h">
      <Filter>Source Files</Filter>
    </ClInclude>
    <ClInclude Include="..\src\BulletDynamics\ConstraintSolver\btNNCGConstraintSolver.h">
      <Filter>Source Files</Filter>
    </ClInclude>
    <ClInclude Include="..\src\BulletDynamics\ConstraintSolver\btPoint2PointConstraint.h">
      <Filter>Source Files</Filter>
    </ClInclude>
    <ClInclude Include="..\src\BulletDynamics\ConstraintSolver\btSequentialImpulseConstraintSolver.h">
      <Filter>Source Files</Filter>
    </ClInclude>
    <ClInclude Include="..\src\BulletDynamics\ConstraintSolver\btSliderConstraint.h">
      <Filter>Source Files</Filter>
    </ClInclude>
    <ClInclude Include="..\src\BulletDynamics\ConstraintSolver\btSolve2LinearConstraint.h">
      <Filter>Source Files</Filter>
    </ClInclude>
    <ClInclude Include="..\src\BulletDynamics\ConstraintSolver\btSolverBody.h">
      <Filter>Source Files</Filter>
    </ClInclude>
    <ClInclude Include="..\src\BulletDynamics\ConstraintSolver\btSolverConstraint.h">
      <Filter>Source Files</Filter>
    </ClInclude>
    <ClInclude Include="..\src\BulletDynamics\ConstraintSolver\btTypedConstraint.h">
      <Filter>Source Files</Filter>
    </ClInclude>
    <ClInclude Include="..\src\BulletDynamics\ConstraintSolver\btUniversalConstraint.h">
      <Filter>Source Files</Filter>
    </ClInclude>
    <ClInclude Include="..\src\BulletDynamics\Dynamics\btActionInterface.h">
      <Filter>Source Files</Filter>
    </ClInclude>
    <ClInclude Include="..\src\BulletDynamics\Dynamics\btDiscreteDynamicsWorld.h">
      <Filter>Source Files</Filter>
    </ClInclude>
    <ClInclude Include="..\src\BulletDynamics\Dynamics\btDynamicsWorld.h">
      <Filter>Source Files</Filter>
    </ClInclude>
    <ClInclude Include="..\src\BulletDynamics\Dynamics\btRigidBody.h">
      <Filter>Source Files</Filter>
    </ClInclude>
    <ClInclude Include="..\src\BulletDynamics\Dynamics\btSimpleDynamicsWorld.h">
      <Filter>Source Files</Filter>
    </ClInclude>
    <ClInclude Include="..\src\BulletDynamics\Featherstone\btMultiBody.h">
      <Filter>Source Files</Filter>
    </ClInclude>
    <ClInclude Include="..\src\BulletDynamics\Featherstone\btMultiBodyConstraint.h">
      <Filter>Source Files</Filter>
    </ClInclude>
    <ClInclude Include="..\src\BulletDynamics\Featherstone\btMultiBodyConstraintSolver.h">
      <Filter>Source Files</Filter>
    </ClInclude>
    <ClInclude Include="..\src\BulletDynamics\Featherstone\btMultiBodyDynamicsWorld.h">
      <Filter>Source Files</Filter>
    </ClInclude>
    <ClInclude Include="..\src\BulletDynamics\Featherstone\btMultiBodyJointFeedback.h">
      <Filter>Source Files</Filter>
    </ClInclude>
    <ClInclude Include="..\src\BulletDynamics\Featherstone\btMultiBodyJointLimitConstraint.h">
      <Filter>Source Files</Filter>
    </ClInclude>
    <ClInclude Include="..\src\BulletDynamics\Featherstone\btMultiBodyJointMotor.h">
      <Filter>Source Files</Filter>
    </ClInclude>
    <ClInclude Include="..\src\BulletDynamics\Featherstone\btMultiBodyLink.h">
      <Filter>Source Files</Filter>
    </ClInclude>
    <ClInclude Include="..\src\BulletDynamics\Featherstone\btMultiBodyLinkCollider.h">
      <Filter>Source Files</Filter>
    </ClInclude>
    <ClInclude Include="..\src\BulletDynamics\Featherstone\btMultiBodyPoint2Point.h">
      <Filter>Source Files</Filter>
    </ClInclude>
    <ClInclude Include="..\src\BulletDynamics\Featherstone\btMultiBodySolverConstraint.h">
      <Filter>Source Files</Filter>
    </ClInclude>
    <ClInclude Include="..\src\BulletDynamics\MLCPSolvers\btDantzigLCP.h">
      <Filter>Source Files</Filter>
    </ClInclude>
    <ClInclude Include="..\src\BulletDynamics\MLCPSolvers\btDantzigSolver.h">
      <Filter>Source Files</Filter>
    </ClInclude>
    <ClInclude Include="..\src\BulletDynamics\MLCPSolvers\btLemkeAlgorithm.h">
      <Filter>Source Files</Filter>
    </ClInclude>
    <ClInclude Include="..\src\BulletDynamics\MLCPSolvers\btLemkeSolver.h">
      <Filter>Source Files</Filter>
    </ClInclude>
    <ClInclude Include="..\src\BulletDynamics\MLCPSolvers\btMLCPSolver.h">
      <Filter>Source Files</Filter>
    </ClInclude>
    <ClInclude Include="..\src\BulletDynamics\MLCPSolvers\btMLCPSolverInterface.h">
      <Filter>Source Files</Filter>
    </ClInclude>
    <ClInclude Include="..\src\BulletDynamics\MLCPSolvers\btPATHSolver.h">
      <Filter>Source Files</Filter>
    </ClInclude>
    <ClInclude Include="..\src\BulletDynamics\MLCPSolvers\btSolveProjectedGaussSeidel.h">
      <Filter>Source Files</Filter>
    </ClInclude>
    <ClInclude Include="..\src\BulletDynamics\Vehicle\btRaycastVehicle.h">
      <Filter>Source Files</Filter>
    </ClInclude>
    <ClInclude Include="..\src\BulletDynamics\Vehicle\btVehicleRaycaster.h">
      <Filter>Source Files</Filter>
    </ClInclude>
    <ClInclude Include="..\src\BulletDynamics\Vehicle\btWheelInfo.h">
      <Filter>Source Files</Filter>
    </ClInclude>
    <ClInclude Include="..\src\BulletSoftBody\btDefaultSoftBodySolver.h">
      <Filter>Source Files</Filter>
    </ClInclude>
    <ClInclude Include="..\src\BulletSoftBody\btSoftBody.h">
      <Filter>Source Files</Filter>
    </ClInclude>
    <ClInclude Include="..\src\BulletSoftBody\btSoftBodyConcaveCollisionAlgorithm.h">
      <Filter>Source Files</Filter>
    </ClInclude>
    <ClInclude Include="..\src\BulletSoftBody\btSoftBodyData.h">
      <Filter>Source Files</Filter>
    </ClInclude>
    <ClInclude Include="..\src\BulletSoftBody\btSoftBodyHelpers.h">
      <Filter>Source Files</Filter>
    </ClInclude>
    <ClInclude Include="..\src\BulletSoftBody\btSoftBodyInternals.h">
      <Filter>Source Files</Filter>
    </ClInclude>
    <ClInclude Include="..\src\BulletSoftBody\btSoftBodyRigidBodyCollisionConfiguration.h">
      <Filter>Source Files</Filter>
    </ClInclude>
    <ClInclude Include="..\src\BulletSoftBody\btSoftBodySolvers.h">
      <Filter>Source Files</Filter>
    </ClInclude>
    <ClInclude Include="..\src\BulletSoftBody\btSoftBodySolverVertexBuffer.h">
      <Filter>Source Files</Filter>
    </ClInclude>
    <ClInclude Include="..\src\BulletSoftBody\btSoftRigidCollisionAlgorithm.h">
      <Filter>Source Files</Filter>
    </ClInclude>
    <ClInclude Include="..\src\BulletSoftBody\btSoftRigidDynamicsWorld.h">
      <Filter>Source Files</Filter>
    </ClInclude>
    <ClInclude Include="..\src\BulletSoftBody\btSoftSoftCollisionAlgorithm.h">
      <Filter>Source Files</Filter>
    </ClInclude>
    <ClInclude Include="..\src\BulletSoftBody\btSparseSDF.h">
      <Filter>Source Files</Filter>
    </ClInclude>
    <ClInclude Include="..\src\clew\clew.h">
      <Filter>Source Files</Filter>
    </ClInclude>
    <ClInclude Include="..\src\LinearMath\btAabbUtil2.h">
      <Filter>Source Files</Filter>
    </ClInclude>
    <ClInclude Include="..\src\LinearMath\btAlignedAllocator.h">
      <Filter>Source Files</Filter>
    </ClInclude>
    <ClInclude Include="..\src\LinearMath\btAlignedObjectArray.h">
      <Filter>Source Files</Filter>
    </ClInclude>
    <ClInclude Include="..\src\LinearMath\btConvexHull.h">
      <Filter>Source Files</Filter>
    </ClInclude>
    <ClInclude Include="..\src\LinearMath\btConvexHullComputer.h">
      <Filter>Source Files</Filter>
    </ClInclude>
    <ClInclude Include="..\src\LinearMath\btDefaultMotionState.h">
      <Filter>Source Files</Filter>
    </ClInclude>
    <ClInclude Include="..\src\LinearMath\btGeometryUtil.h">
      <Filter>Source Files</Filter>
    </ClInclude>
    <ClInclude Include="..\src\LinearMath\btGrahamScan2dConvexHull.h">
      <Filter>Source Files</Filter>
    </ClInclude>
    <ClInclude Include="..\src\LinearMath\btHashMap.h">
      <Filter>Source Files</Filter>
    </ClInclude>
    <ClInclude Include="..\src\LinearMath\btIDebugDraw.h">
      <Filter>Source Files</Filter>
    </ClInclude>
    <ClInclude Include="..\src\LinearMath\btList.h">
      <Filter>Source Files</Filter>
    </ClInclude>
    <ClInclude Include="..\src\LinearMath\btMatrix3x3.h">
      <Filter>Source Files</Filter>
    </ClInclude>
    <ClInclude Include="..\src\LinearMath\btMatrixX.h">
      <Filter>Source Files</Filter>
    </ClInclude>
    <ClInclude Include="..\src\LinearMath\btMinMax.h">
      <Filter>Source Files</Filter>
    </ClInclude>
    <ClInclude Include="..\src\LinearMath\btMotionState.h">
      <Filter>Source Files</Filter>
    </ClInclude>
    <ClInclude Include="..\src\LinearMath\btPolarDecomposition.h">
      <Filter>Source Files</Filter>
    </ClInclude>
    <ClInclude Include="..\src\LinearMath\btPoolAllocator.h">
      <Filter>Source Files</Filter>
    </ClInclude>
    <ClInclude Include="..\src\LinearMath\btQuadWord.h">
      <Filter>Source Files</Filter>
    </ClInclude>
    <ClInclude Include="..\src\LinearMath\btQuaternion.h">
      <Filter>Source Files</Filter>
    </ClInclude>
    <ClInclude Include="..\src\LinearMath\btQuickprof.h">
      <Filter>Source Files</Filter>
    </ClInclude>
    <ClInclude Include="..\src\LinearMath\btRandom.h">
      <Filter>Source Files</Filter>
    </ClInclude>
    <ClInclude Include="..\src\LinearMath\btScalar.h">
      <Filter>Source Files</Filter>
    </ClInclude>
    <ClInclude Include="..\src\LinearMath\btSerializer.h">
      <Filter>Source Files</Filter>
    </ClInclude>
    <ClInclude Include="..\src\LinearMath\btSpatialAlgebra.h">
      <Filter>Source Files</Filter>
    </ClInclude>
    <ClInclude Include="..\src\LinearMath\btStackAlloc.h">
      <Filter>Source Files</Filter>
    </ClInclude>
    <ClInclude Include="..\src\LinearMath\btTransform.h">
      <Filter>Source Files</Filter>
    </ClInclude>
    <ClInclude Include="..\src\LinearMath\btTransformUtil.h">
      <Filter>Source Files</Filter>
    </ClInclude>
    <ClInclude Include="..\src\LinearMath\btVector3.h">
      <Filter>Source Files</Filter>
    </ClInclude>
    <ClInclude Include="..\Extras\ConvexDecomposition\bestfit.h">
      <Filter>Source Files</Filter>
    </ClInclude>
    <ClInclude Include="..\Extras\ConvexDecomposition\bestfitobb.h">
      <Filter>Source Files</Filter>
    </ClInclude>
    <ClInclude Include="..\Extras\ConvexDecomposition\cd_hull.h">
      <Filter>Source Files</Filter>
    </ClInclude>
    <ClInclude Include="..\Extras\ConvexDecomposition\cd_vector.h">
      <Filter>Source Files</Filter>
    </ClInclude>
    <ClInclude Include="..\Extras\ConvexDecomposition\cd_wavefront.h">
      <Filter>Source Files</Filter>
    </ClInclude>
    <ClInclude Include="..\Extras\ConvexDecomposition\concavity.h">
      <Filter>Source Files</Filter>
    </ClInclude>
    <ClInclude Include="..\Extras\ConvexDecomposition\ConvexBuilder.h">
      <Filter>Source Files</Filter>
    </ClInclude>
    <ClInclude Include="..\Extras\ConvexDecomposition\ConvexDecomposition.h">
      <Filter>Source Files</Filter>
    </ClInclude>
    <ClInclude Include="..\Extras\ConvexDecomposition\fitsphere.h">
      <Filter>Source Files</Filter>
    </ClInclude>
    <ClInclude Include="..\Extras\ConvexDecomposition\float_math.h">
      <Filter>Source Files</Filter>
    </ClInclude>
    <ClInclude Include="..\Extras\ConvexDecomposition\meshvolume.h">
      <Filter>Source Files</Filter>
    </ClInclude>
    <ClInclude Include="..\Extras\ConvexDecomposition\planetri.h">
      <Filter>Source Files</Filter>
    </ClInclude>
    <ClInclude Include="..\Extras\ConvexDecomposition\raytri.h">
      <Filter>Source Files</Filter>
    </ClInclude>
    <ClInclude Include="..\Extras\ConvexDecomposition\splitplane.h">
      <Filter>Source Files</Filter>
    </ClInclude>
    <ClInclude Include="..\Extras\ConvexDecomposition\vlookup.h">
      <Filter>Source Files</Filter>
    </ClInclude>
    <ClInclude Include="..\Extras\GIMPACTUtils\btGImpactConvexDecompositionShape.h">
      <Filter>Source Files</Filter>
    </ClInclude>
    <ClInclude Include="..\Extras\HACD\hacdCircularList.h">
      <Filter>Source Files</Filter>
    </ClInclude>
    <ClInclude Include="..\Extras\HACD\hacdGraph.h">
      <Filter>Source Files</Filter>
    </ClInclude>
    <ClInclude Include="..\Extras\HACD\hacdHACD.h">
      <Filter>Source Files</Filter>
    </ClInclude>
    <ClInclude Include="..\Extras\HACD\hacdICHull.h">
      <Filter>Source Files</Filter>
    </ClInclude>
    <ClInclude Include="..\Extras\HACD\hacdManifoldMesh.h">
      <Filter>Source Files</Filter>
    </ClInclude>
    <ClInclude Include="..\Extras\HACD\hacdVector.h">
      <Filter>Source Files</Filter>
    </ClInclude>
    <ClInclude Include="..\Extras\HACD\hacdVersion.h">
      <Filter>Source Files</Filter>
    </ClInclude>
    <ClInclude Include="..\Extras\Serialize\BulletFileLoader\autogenerated\bullet.h">
      <Filter>Source Files</Filter>
    </ClInclude>
    <ClInclude Include="..\Extras\Serialize\BulletFileLoader\bChunk.h">
      <Filter>Source Files</Filter>
    </ClInclude>
    <ClInclude Include="..\Extras\Serialize\BulletFileLoader\bCommon.h">
      <Filter>Source Files</Filter>
    </ClInclude>
    <ClInclude Include="..\Extras\Serialize\BulletFileLoader\bDefines.h">
      <Filter>Source Files</Filter>
    </ClInclude>
    <ClInclude Include="..\Extras\Serialize\BulletFileLoader\bDNA.h">
      <Filter>Source Files</Filter>
    </ClInclude>
    <ClInclude Include="..\Extras\Serialize\BulletFileLoader\bFile.h">
      <Filter>Source Files</Filter>
    </ClInclude>
    <ClInclude Include="..\Extras\Serialize\BulletFileLoader\btBulletFile.h">
      <Filter>Source Files</Filter>
    </ClInclude>
    <ClInclude Include="..\Extras\Serialize\BulletWorldImporter\btBulletWorldImporter.h">
      <Filter>Source Files</Filter>
    </ClInclude>
    <ClInclude Include="..\Extras\Serialize\BulletWorldImporter\btWorldImporter.h">
      <Filter>Source Files</Filter>
    </ClInclude>
    <ClInclude Include="..\Extras\Serialize\BulletXmlWorldImporter\btBulletXmlWorldImporter.h">
      <Filter>Source Files</Filter>
    </ClInclude>
    <ClInclude Include="..\Extras\Serialize\BulletXmlWorldImporter\string_split.h">
      <Filter>Source Files</Filter>
    </ClInclude>
    <ClInclude Include="..\Extras\Serialize\BulletXmlWorldImporter\tinystr.h">
      <Filter>Source Files</Filter>
    </ClInclude>
    <ClInclude Include="..\Extras\Serialize\BulletXmlWorldImporter\tinyxml.h">
      <Filter>Source Files</Filter>
    </ClInclude>
    <ClInclude Include="..\libbulletc\btActionInterface_wrap.h">
      <Filter>Source Files</Filter>
    </ClInclude>
    <ClInclude Include="..\libbulletc\btAlignedObjectArray_wrap.h">
      <Filter>Source Files</Filter>
    </ClInclude>
    <ClInclude Include="..\libbulletc\btAxisSweep3_wrap.h">
      <Filter>Source Files</Filter>
    </ClInclude>
    <ClInclude Include="..\libbulletc\btBox2dBox2dCollisionAlgorithm_wrap.h">
      <Filter>Source Files</Filter>
    </ClInclude>
    <ClInclude Include="..\libbulletc\btBox2dShape_wrap.h">
      <Filter>Source Files</Filter>
    </ClInclude>
    <ClInclude Include="..\libbulletc\btBoxBoxCollisionAlgorithm_wrap.h">
      <Filter>Source Files</Filter>
    </ClInclude>
    <ClInclude Include="..\libbulletc\btBoxBoxDetector_wrap.h">
      <Filter>Source Files</Filter>
    </ClInclude>
    <ClInclude Include="..\libbulletc\btBoxCollision_wrap.h">
      <Filter>Source Files</Filter>
    </ClInclude>
    <ClInclude Include="..\libbulletc\btBoxShape_wrap.h">
      <Filter>Source Files</Filter>
    </ClInclude>
    <ClInclude Include="..\libbulletc\btBroadphaseInterface_wrap.h">
      <Filter>Source Files</Filter>
    </ClInclude>
    <ClInclude Include="..\libbulletc\btBroadphaseProxy_wrap.h">
      <Filter>Source Files</Filter>
    </ClInclude>
    <ClInclude Include="..\libbulletc\btBulletFile_wrap.h">
      <Filter>Source Files</Filter>
    </ClInclude>
    <ClInclude Include="..\libbulletc\btBulletWorldImporter_wrap.h">
      <Filter>Source Files</Filter>
    </ClInclude>
    <ClInclude Include="..\libbulletc\btBulletXmlWorldImporter_wrap.h">
      <Filter>Source Files</Filter>
    </ClInclude>
    <ClInclude Include="..\libbulletc\btBvhTriangleMeshShape_wrap.h">
      <Filter>Source Files</Filter>
    </ClInclude>
    <ClInclude Include="..\libbulletc\btCapsuleShape_wrap.h">
      <Filter>Source Files</Filter>
    </ClInclude>
    <ClInclude Include="..\libbulletc\btCharacterControllerInterface_wrap.h">
      <Filter>Source Files</Filter>
    </ClInclude>
    <ClInclude Include="..\libbulletc\btCollisionAlgorithm_wrap.h">
      <Filter>Source Files</Filter>
    </ClInclude>
    <ClInclude Include="..\libbulletc\btCollisionConfiguration_wrap.h">
      <Filter>Source Files</Filter>
    </ClInclude>
    <ClInclude Include="..\libbulletc\btCollisionCreateFunc_wrap.h">
      <Filter>Source Files</Filter>
    </ClInclude>
    <ClInclude Include="..\libbulletc\btCollisionDispatcher_wrap.h">
      <Filter>Source Files</Filter>
    </ClInclude>
    <ClInclude Include="..\libbulletc\btCollisionObjectWrapper_wrap.h">
      <Filter>Source Files</Filter>
    </ClInclude>
    <ClInclude Include="..\libbulletc\btCollisionObject_wrap.h">
      <Filter>Source Files</Filter>
    </ClInclude>
    <ClInclude Include="..\libbulletc\btCollisionShape_wrap.h">
      <Filter>Source Files</Filter>
    </ClInclude>
    <ClInclude Include="..\libbulletc\btCollisionWorld_wrap.h">
      <Filter>Source Files</Filter>
    </ClInclude>
    <ClInclude Include="..\libbulletc\btCompoundCollisionAlgorithm_wrap.h">
      <Filter>Source Files</Filter>
    </ClInclude>
    <ClInclude Include="..\libbulletc\btCompoundCompoundCollisionAlgorithm_wrap.h">
      <Filter>Source Files</Filter>
    </ClInclude>
    <ClInclude Include="..\libbulletc\btCompoundFromGimpact_wrap.h">
      <Filter>Source Files</Filter>
    </ClInclude>
    <ClInclude Include="..\libbulletc\btCompoundShape_wrap.h">
      <Filter>Source Files</Filter>
    </ClInclude>
    <ClInclude Include="..\libbulletc\btConcaveShape_wrap.h">
      <Filter>Source Files</Filter>
    </ClInclude>
    <ClInclude Include="..\libbulletc\btConeShape_wrap.h">
      <Filter>Source Files</Filter>
    </ClInclude>
    <ClInclude Include="..\libbulletc\btConeTwistConstraint_wrap.h">
      <Filter>Source Files</Filter>
    </ClInclude>
    <ClInclude Include="..\libbulletc\btConstraintSolver_wrap.h">
      <Filter>Source Files</Filter>
    </ClInclude>
    <ClInclude Include="..\libbulletc\btContactConstraint_wrap.h">
      <Filter>Source Files</Filter>
    </ClInclude>
    <ClInclude Include="..\libbulletc\btContactSolverInfo_wrap.h">
      <Filter>Source Files</Filter>
    </ClInclude>
    <ClInclude Include="..\libbulletc\btContinuousConvexCollision_wrap.h">
      <Filter>Source Files</Filter>
    </ClInclude>
    <ClInclude Include="..\libbulletc\btConvex2dConvex2dAlgorithm_wrap.h">
      <Filter>Source Files</Filter>
    </ClInclude>
    <ClInclude Include="..\libbulletc\btConvex2dShape_wrap.h">
      <Filter>Source Files</Filter>
    </ClInclude>
    <ClInclude Include="..\libbulletc\btConvexCast_wrap.h">
      <Filter>Source Files</Filter>
    </ClInclude>
    <ClInclude Include="..\libbulletc\btConvexConcaveCollisionAlgorithm_wrap.h">
      <Filter>Source Files</Filter>
    </ClInclude>
    <ClInclude Include="..\libbulletc\btConvexConvexAlgorithm_wrap.h">
      <Filter>Source Files</Filter>
    </ClInclude>
    <ClInclude Include="..\libbulletc\btConvexHullShape_wrap.h">
      <Filter>Source Files</Filter>
    </ClInclude>
    <ClInclude Include="..\libbulletc\btConvexInternalShape_wrap.h">
      <Filter>Source Files</Filter>
    </ClInclude>
    <ClInclude Include="..\libbulletc\btConvexPenetrationDepthSolver_wrap.h">
      <Filter>Source Files</Filter>
    </ClInclude>
    <ClInclude Include="..\libbulletc\btConvexPlaneCollisionAlgorithm_wrap.h">
      <Filter>Source Files</Filter>
    </ClInclude>
    <ClInclude Include="..\libbulletc\btConvexPointCloudShape_wrap.h">
      <Filter>Source Files</Filter>
    </ClInclude>
    <ClInclude Include="..\libbulletc\btConvexPolyhedron_wrap.h">
      <Filter>Source Files</Filter>
    </ClInclude>
    <ClInclude Include="..\libbulletc\btConvexShape_wrap.h">
      <Filter>Source Files</Filter>
    </ClInclude>
    <ClInclude Include="..\libbulletc\btConvexTriangleMeshShape_wrap.h">
      <Filter>Source Files</Filter>
    </ClInclude>
    <ClInclude Include="..\libbulletc\btCylinderShape_wrap.h">
      <Filter>Source Files</Filter>
    </ClInclude>
    <ClInclude Include="..\libbulletc\btDantzigSolver_wrap.h">
      <Filter>Source Files</Filter>
    </ClInclude>
    <ClInclude Include="..\libbulletc\btDbvtBroadphase_wrap.h">
      <Filter>Source Files</Filter>
    </ClInclude>
    <ClInclude Include="..\libbulletc\btDbvt_wrap.h">
      <Filter>Source Files</Filter>
    </ClInclude>
    <ClInclude Include="..\libbulletc\btDefaultCollisionConfiguration_wrap.h">
      <Filter>Source Files</Filter>
    </ClInclude>
    <ClInclude Include="..\libbulletc\btDefaultMotionState_wrap.h">
      <Filter>Source Files</Filter>
    </ClInclude>
    <ClInclude Include="..\libbulletc\btDefaultSoftBodySolver_wrap.h">
      <Filter>Source Files</Filter>
    </ClInclude>
    <ClInclude Include="..\libbulletc\btDiscreteCollisionDetectorInterface_wrap.h">
      <Filter>Source Files</Filter>
    </ClInclude>
    <ClInclude Include="..\libbulletc\btDiscreteDynamicsWorld_wrap.h">
      <Filter>Source Files</Filter>
    </ClInclude>
    <ClInclude Include="..\libbulletc\btDispatcher_wrap.h">
      <Filter>Source Files</Filter>
    </ClInclude>
    <ClInclude Include="..\libbulletc\btDynamicsWorld_wrap.h">
      <Filter>Source Files</Filter>
    </ClInclude>
    <ClInclude Include="..\libbulletc\btEmptyCollisionAlgorithm_wrap.h">
      <Filter>Source Files</Filter>
    </ClInclude>
    <ClInclude Include="..\libbulletc\btEmptyShape_wrap.h">
      <Filter>Source Files</Filter>
    </ClInclude>
    <ClInclude Include="..\libbulletc\btFixedConstraint_wrap.h">
      <Filter>Source Files</Filter>
    </ClInclude>
    <ClInclude Include="..\libbulletc\btGearConstraint_wrap.h">
      <Filter>Source Files</Filter>
    </ClInclude>
    <ClInclude Include="..\libbulletc\btGeneric6DofConstraint_wrap.h">
      <Filter>Source Files</Filter>
    </ClInclude>
    <ClInclude Include="..\libbulletc\btGeneric6DofSpring2Constraint_wrap.h">
      <Filter>Source Files</Filter>
    </ClInclude>
    <ClInclude Include="..\libbulletc\btGeneric6DofSpringConstraint_wrap.h">
      <Filter>Source Files</Filter>
    </ClInclude>
    <ClInclude Include="..\libbulletc\btGeometryUtil_wrap.h">
      <Filter>Source Files</Filter>
    </ClInclude>
    <ClInclude Include="..\libbulletc\btGhostObject_wrap.h">
      <Filter>Source Files</Filter>
    </ClInclude>
    <ClInclude Include="..\libbulletc\btGImpactBvh_wrap.h">
      <Filter>Source Files</Filter>
    </ClInclude>
    <ClInclude Include="..\libbulletc\btGImpactCollisionAlgorithm_wrap.h">
      <Filter>Source Files</Filter>
    </ClInclude>
    <ClInclude Include="..\libbulletc\btGImpactQuantizedBvh_wrap.h">
      <Filter>Source Files</Filter>
    </ClInclude>
    <ClInclude Include="..\libbulletc\btGImpactShape_wrap.h">
      <Filter>Source Files</Filter>
    </ClInclude>
    <ClInclude Include="..\libbulletc\btGjkConvexCast_wrap.h">
      <Filter>Source Files</Filter>
    </ClInclude>
    <ClInclude Include="..\libbulletc\btGjkEpaPenetrationDepthSolver_wrap.h">
      <Filter>Source Files</Filter>
    </ClInclude>
    <ClInclude Include="..\libbulletc\btGjkPairDetector_wrap.h">
      <Filter>Source Files</Filter>
    </ClInclude>
    <ClInclude Include="..\libbulletc\btHeightfieldTerrainShape_wrap.h">
      <Filter>Source Files</Filter>
    </ClInclude>
    <ClInclude Include="..\libbulletc\btHinge2Constraint_wrap.h">
      <Filter>Source Files</Filter>
    </ClInclude>
    <ClInclude Include="..\libbulletc\btHingeConstraint_wrap.h">
      <Filter>Source Files</Filter>
    </ClInclude>
    <ClInclude Include="..\libbulletc\btIDebugDraw_wrap.h">
      <Filter>Source Files</Filter>
    </ClInclude>
    <ClInclude Include="..\libbulletc\btKinematicCharacterController_wrap.h">
      <Filter>Source Files</Filter>
    </ClInclude>
    <ClInclude Include="..\libbulletc\btLemkeSolver_wrap.h">
      <Filter>Source Files</Filter>
    </ClInclude>
    <ClInclude Include="..\libbulletc\btManifoldPoint_wrap.h">
      <Filter>Source Files</Filter>
    </ClInclude>
    <ClInclude Include="..\libbulletc\btManifoldResult_wrap.h">
      <Filter>Source Files</Filter>
    </ClInclude>
    <ClInclude Include="..\libbulletc\btMinkowskiPenetrationDepthSolver_wrap.h">
      <Filter>Source Files</Filter>
    </ClInclude>
    <ClInclude Include="..\libbulletc\btMinkowskiSumShape_wrap.h">
      <Filter>Source Files</Filter>
    </ClInclude>
    <ClInclude Include="..\libbulletc\btMLCPSolverInterface_wrap.h">
      <Filter>Source Files</Filter>
    </ClInclude>
    <ClInclude Include="..\libbulletc\btMLCPSolver_wrap.h">
      <Filter>Source Files</Filter>
    </ClInclude>
    <ClInclude Include="..\libbulletc\btMotionState_wrap.h">
      <Filter>Source Files</Filter>
    </ClInclude>
    <ClInclude Include="..\libbulletc\btMultiBodyConstraintSolver_wrap.h">
      <Filter>Source Files</Filter>
    </ClInclude>
    <ClInclude Include="..\libbulletc\btMultiBodyConstraint_wrap.h">
      <Filter>Source Files</Filter>
    </ClInclude>
    <ClInclude Include="..\libbulletc\btMultiBodyDynamicsWorld_wrap.h">
      <Filter>Source Files</Filter>
    </ClInclude>
    <ClInclude Include="..\libbulletc\btMultiBodyJointLimitConstraint_wrap.h">
      <Filter>Source Files</Filter>
    </ClInclude>
    <ClInclude Include="..\libbulletc\btMultiBodyJointMotor_wrap.h">
      <Filter>Source Files</Filter>
    </ClInclude>
    <ClInclude Include="..\libbulletc\btMultiBodyLinkCollider_wrap.h">
      <Filter>Source Files</Filter>
    </ClInclude>
    <ClInclude Include="..\libbulletc\btMultiBodyLink_wrap.h">
      <Filter>Source Files</Filter>
    </ClInclude>
    <ClInclude Include="..\libbulletc\btMultiBodyPoint2Point_wrap.h">
      <Filter>Source Files</Filter>
    </ClInclude>
    <ClInclude Include="..\libbulletc\btMultiBodySolverConstraint_wrap.h">
      <Filter>Source Files</Filter>
    </ClInclude>
    <ClInclude Include="..\libbulletc\btMultiBody_wrap.h">
      <Filter>Source Files</Filter>
    </ClInclude>
    <ClInclude Include="..\libbulletc\btMultimaterialTriangleMeshShape_wrap.h">
      <Filter>Source Files</Filter>
    </ClInclude>
    <ClInclude Include="..\libbulletc\btMultiSphereShape_wrap.h">
      <Filter>Source Files</Filter>
    </ClInclude>
    <ClInclude Include="..\libbulletc\btNNCGConstraintSolver_wrap.h">
      <Filter>Source Files</Filter>
    </ClInclude>
    <ClInclude Include="..\libbulletc\btOptimizedBvh_wrap.h">
      <Filter>Source Files</Filter>
    </ClInclude>
    <ClInclude Include="..\libbulletc\btOverlappingPairCache_wrap.h">
      <Filter>Source Files</Filter>
    </ClInclude>
    <ClInclude Include="..\libbulletc\btOverlappingPairCallback_wrap.h">
      <Filter>Source Files</Filter>
    </ClInclude>
    <ClInclude Include="..\libbulletc\btPersistentManifold_wrap.h">
      <Filter>Source Files</Filter>
    </ClInclude>
    <ClInclude Include="..\libbulletc\btPoint2PointConstraint_wrap.h">
      <Filter>Source Files</Filter>
    </ClInclude>
    <ClInclude Include="..\libbulletc\btPointCollector_wrap.h">
      <Filter>Source Files</Filter>
    </ClInclude>
    <ClInclude Include="..\libbulletc\btPolarDecomposition_wrap.h">
      <Filter>Source Files</Filter>
    </ClInclude>
    <ClInclude Include="..\libbulletc\btPolyhedralConvexShape_wrap.h">
      <Filter>Source Files</Filter>
    </ClInclude>
    <ClInclude Include="..\libbulletc\btQuantizedBvh_wrap.h">
      <Filter>Source Files</Filter>
    </ClInclude>
    <ClInclude Include="..\libbulletc\btRaycastVehicle_wrap.h">
      <Filter>Source Files</Filter>
    </ClInclude>
    <ClInclude Include="..\libbulletc\btRigidBody_wrap.h">
      <Filter>Source Files</Filter>
    </ClInclude>
    <ClInclude Include="..\libbulletc\btScaledBvhTriangleMeshShape_wrap.h">
      <Filter>Source Files</Filter>
    </ClInclude>
    <ClInclude Include="..\libbulletc\btSequentialImpulseConstraintSolver_wrap.h">
      <Filter>Source Files</Filter>
    </ClInclude>
    <ClInclude Include="..\libbulletc\btSerializer_wrap.h">
      <Filter>Source Files</Filter>
    </ClInclude>
    <ClInclude Include="..\libbulletc\btShapeHull_wrap.h">
      <Filter>Source Files</Filter>
    </ClInclude>
    <ClInclude Include="..\libbulletc\btSimulationIslandManager_wrap.h">
      <Filter>Source Files</Filter>
    </ClInclude>
    <ClInclude Include="..\libbulletc\btSliderConstraint_wrap.h">
      <Filter>Source Files</Filter>
    </ClInclude>
    <ClInclude Include="..\libbulletc\btSoftBodyConcaveCollisionAlgorithm_wrap.h">
      <Filter>Source Files</Filter>
    </ClInclude>
    <ClInclude Include="..\libbulletc\btSoftBodyHelpers_wrap.h">
      <Filter>Source Files</Filter>
    </ClInclude>
    <ClInclude Include="..\libbulletc\btSoftBodyRigidBodyCollisionConfiguration_wrap.h">
      <Filter>Source Files</Filter>
    </ClInclude>
    <ClInclude Include="..\libbulletc\btSoftBodySolvers_wrap.h">
      <Filter>Source Files</Filter>
    </ClInclude>
    <ClInclude Include="..\libbulletc\btSoftBody_wrap.h">
      <Filter>Source Files</Filter>
    </ClInclude>
    <ClInclude Include="..\libbulletc\btSoftRigidCollisionAlgorithm_wrap.h">
      <Filter>Source Files</Filter>
    </ClInclude>
    <ClInclude Include="..\libbulletc\btSoftRigidDynamicsWorld_wrap.h">
      <Filter>Source Files</Filter>
    </ClInclude>
    <ClInclude Include="..\libbulletc\btSoftSoftCollisionAlgorithm_wrap.h">
      <Filter>Source Files</Filter>
    </ClInclude>
    <ClInclude Include="..\libbulletc\btSparseSdf3_wrap.h">
      <Filter>Source Files</Filter>
    </ClInclude>
    <ClInclude Include="..\libbulletc\btSphereBoxCollisionAlgorithm_wrap.h">
      <Filter>Source Files</Filter>
    </ClInclude>
    <ClInclude Include="..\libbulletc\btSphereShape_wrap.h">
      <Filter>Source Files</Filter>
    </ClInclude>
    <ClInclude Include="..\libbulletc\btSphereSphereCollisionAlgorithm_wrap.h">
      <Filter>Source Files</Filter>
    </ClInclude>
    <ClInclude Include="..\libbulletc\btSphereTriangleCollisionAlgorithm_wrap.h">
      <Filter>Source Files</Filter>
    </ClInclude>
    <ClInclude Include="..\libbulletc\btStaticPlaneShape_wrap.h">
      <Filter>Source Files</Filter>
    </ClInclude>
    <ClInclude Include="..\libbulletc\btStridingMeshInterface_wrap.h">
      <Filter>Source Files</Filter>
    </ClInclude>
    <ClInclude Include="..\libbulletc\btTetrahedronShape_wrap.h">
      <Filter>Source Files</Filter>
    </ClInclude>
    <ClInclude Include="..\libbulletc\btTransformUtil_wrap.h">
      <Filter>Source Files</Filter>
    </ClInclude>
    <ClInclude Include="..\libbulletc\btTriangleBuffer_wrap.h">
      <Filter>Source Files</Filter>
    </ClInclude>
    <ClInclude Include="..\libbulletc\btTriangleCallback_wrap.h">
      <Filter>Source Files</Filter>
    </ClInclude>
    <ClInclude Include="..\libbulletc\btTriangleIndexVertexArray_wrap.h">
      <Filter>Source Files</Filter>
    </ClInclude>
    <ClInclude Include="..\libbulletc\btTriangleIndexVertexMaterialArray_wrap.h">
      <Filter>Source Files</Filter>
    </ClInclude>
    <ClInclude Include="..\libbulletc\btTriangleInfoMap_wrap.h">
      <Filter>Source Files</Filter>
    </ClInclude>
    <ClInclude Include="..\libbulletc\btTriangleMeshShape_wrap.h">
      <Filter>Source Files</Filter>
    </ClInclude>
    <ClInclude Include="..\libbulletc\btTriangleMesh_wrap.h">
      <Filter>Source Files</Filter>
    </ClInclude>
    <ClInclude Include="..\libbulletc\btTriangleShape_wrap.h">
      <Filter>Source Files</Filter>
    </ClInclude>
    <ClInclude Include="..\libbulletc\btTypedConstraint_wrap.h">
      <Filter>Source Files</Filter>
    </ClInclude>
    <ClInclude Include="..\libbulletc\btUniformScalingShape_wrap.h">
      <Filter>Source Files</Filter>
    </ClInclude>
    <ClInclude Include="..\libbulletc\btUnionFind_wrap.h">
      <Filter>Source Files</Filter>
    </ClInclude>
    <ClInclude Include="..\libbulletc\btUniversalConstraint_wrap.h">
      <Filter>Source Files</Filter>
    </ClInclude>
    <ClInclude Include="..\libbulletc\btVehicleRaycaster_wrap.h">
      <Filter>Source Files</Filter>
    </ClInclude>
    <ClInclude Include="..\libbulletc\btVoronoiSimplexSolver_wrap.h">
      <Filter>Source Files</Filter>
    </ClInclude>
    <ClInclude Include="..\libbulletc\btWheelInfo_wrap.h">
      <Filter>Source Files</Filter>
    </ClInclude>
    <ClInclude Include="..\libbulletc\btWorldImporter_wrap.h">
      <Filter>Source Files</Filter>
    </ClInclude>
    <ClInclude Include="..\libbulletc\bulletc.h">
      <Filter>Source Files</Filter>
    </ClInclude>
    <ClInclude Include="..\libbulletc\collections.h">
      <Filter>Source Files</Filter>
    </ClInclude>
    <ClInclude Include="..\libbulletc\conversion.h">
      <Filter>Source Files</Filter>
    </ClInclude>
    <ClInclude Include="..\libbulletc\hacdHACD_wrap.h">
      <Filter>Source Files</Filter>
    </ClInclude>
    <ClInclude Include="..\libbulletc\main.h">
      <Filter>Source Files</Filter>
    </ClInclude>
    <ClInclude Include="..\..\..\bullet3\Extras\Serialize\BulletXmlWorldImporter\string_split.h">
      <Filter>Source Files</Filter>
    </ClInclude>
    <ClInclude Include="..\..\..\bullet3\Extras\Serialize\BulletXmlWorldImporter\tinystr.h">
      <Filter>Source Files</Filter>
    </ClInclude>
    <ClInclude Include="..\..\..\bullet3\Extras\Serialize\BulletXmlWorldImporter\tinyxml.h">
      <Filter>Source Files</Filter>
    </ClInclude>
  </ItemGroup>
  <ItemGroup>
    <ClCompile Include="stdafx.cpp">
      <Filter>Source Files</Filter>
    </ClCompile>
    <ClCompile Include="dllmain.cpp">
      <Filter>Source Files</Filter>
    </ClCompile>
    <ClCompile Include="..\src\BulletCollision\BroadphaseCollision\btAxisSweep3.cpp">
      <Filter>Source Files</Filter>
    </ClCompile>
    <ClCompile Include="..\src\BulletCollision\BroadphaseCollision\btBroadphaseProxy.cpp">
      <Filter>Source Files</Filter>
    </ClCompile>
    <ClCompile Include="..\src\BulletCollision\BroadphaseCollision\btCollisionAlgorithm.cpp">
      <Filter>Source Files</Filter>
    </ClCompile>
    <ClCompile Include="..\src\BulletCollision\BroadphaseCollision\btDbvt.cpp">
      <Filter>Source Files</Filter>
    </ClCompile>
    <ClCompile Include="..\src\BulletCollision\BroadphaseCollision\btDbvtBroadphase.cpp">
      <Filter>Source Files</Filter>
    </ClCompile>
    <ClCompile Include="..\src\BulletCollision\BroadphaseCollision\btDispatcher.cpp">
      <Filter>Source Files</Filter>
    </ClCompile>
    <ClCompile Include="..\src\BulletCollision\BroadphaseCollision\btMultiSapBroadphase.cpp">
      <Filter>Source Files</Filter>
    </ClCompile>
    <ClCompile Include="..\src\BulletCollision\BroadphaseCollision\btOverlappingPairCache.cpp">
      <Filter>Source Files</Filter>
    </ClCompile>
    <ClCompile Include="..\src\BulletCollision\BroadphaseCollision\btQuantizedBvh.cpp">
      <Filter>Source Files</Filter>
    </ClCompile>
    <ClCompile Include="..\src\BulletCollision\BroadphaseCollision\btSimpleBroadphase.cpp">
      <Filter>Source Files</Filter>
    </ClCompile>
    <ClCompile Include="..\src\BulletCollision\CollisionDispatch\btActivatingCollisionAlgorithm.cpp">
      <Filter>Source Files</Filter>
    </ClCompile>
    <ClCompile Include="..\src\BulletCollision\CollisionDispatch\btBox2dBox2dCollisionAlgorithm.cpp">
      <Filter>Source Files</Filter>
    </ClCompile>
    <ClCompile Include="..\src\BulletCollision\CollisionDispatch\btBoxBoxCollisionAlgorithm.cpp">
      <Filter>Source Files</Filter>
    </ClCompile>
    <ClCompile Include="..\src\BulletCollision\CollisionDispatch\btBoxBoxDetector.cpp">
      <Filter>Source Files</Filter>
    </ClCompile>
    <ClCompile Include="..\src\BulletCollision\CollisionDispatch\btCollisionDispatcher.cpp">
      <Filter>Source Files</Filter>
    </ClCompile>
    <ClCompile Include="..\src\BulletCollision\CollisionDispatch\btCollisionObject.cpp">
      <Filter>Source Files</Filter>
    </ClCompile>
    <ClCompile Include="..\src\BulletCollision\CollisionDispatch\btCollisionWorld.cpp">
      <Filter>Source Files</Filter>
    </ClCompile>
    <ClCompile Include="..\src\BulletCollision\CollisionDispatch\btCollisionWorldImporter.cpp">
      <Filter>Source Files</Filter>
    </ClCompile>
    <ClCompile Include="..\src\BulletCollision\CollisionDispatch\btCompoundCollisionAlgorithm.cpp">
      <Filter>Source Files</Filter>
    </ClCompile>
    <ClCompile Include="..\src\BulletCollision\CollisionDispatch\btCompoundCompoundCollisionAlgorithm.cpp">
      <Filter>Source Files</Filter>
    </ClCompile>
    <ClCompile Include="..\src\BulletCollision\CollisionDispatch\btConvex2dConvex2dAlgorithm.cpp">
      <Filter>Source Files</Filter>
    </ClCompile>
    <ClCompile Include="..\src\BulletCollision\CollisionDispatch\btConvexConcaveCollisionAlgorithm.cpp">
      <Filter>Source Files</Filter>
    </ClCompile>
    <ClCompile Include="..\src\BulletCollision\CollisionDispatch\btConvexConvexAlgorithm.cpp">
      <Filter>Source Files</Filter>
    </ClCompile>
    <ClCompile Include="..\src\BulletCollision\CollisionDispatch\btConvexPlaneCollisionAlgorithm.cpp">
      <Filter>Source Files</Filter>
    </ClCompile>
    <ClCompile Include="..\src\BulletCollision\CollisionDispatch\btDefaultCollisionConfiguration.cpp">
      <Filter>Source Files</Filter>
    </ClCompile>
    <ClCompile Include="..\src\BulletCollision\CollisionDispatch\btEmptyCollisionAlgorithm.cpp">
      <Filter>Source Files</Filter>
    </ClCompile>
    <ClCompile Include="..\src\BulletCollision\CollisionDispatch\btGhostObject.cpp">
      <Filter>Source Files</Filter>
    </ClCompile>
    <ClCompile Include="..\src\BulletCollision\CollisionDispatch\btHashedSimplePairCache.cpp">
      <Filter>Source Files</Filter>
    </ClCompile>
    <ClCompile Include="..\src\BulletCollision\CollisionDispatch\btInternalEdgeUtility.cpp">
      <Filter>Source Files</Filter>
    </ClCompile>
    <ClCompile Include="..\src\BulletCollision\CollisionDispatch\btManifoldResult.cpp">
      <Filter>Source Files</Filter>
    </ClCompile>
    <ClCompile Include="..\src\BulletCollision\CollisionDispatch\btSimulationIslandManager.cpp">
      <Filter>Source Files</Filter>
    </ClCompile>
    <ClCompile Include="..\src\BulletCollision\CollisionDispatch\btSphereBoxCollisionAlgorithm.cpp">
      <Filter>Source Files</Filter>
    </ClCompile>
    <ClCompile Include="..\src\BulletCollision\CollisionDispatch\btSphereSphereCollisionAlgorithm.cpp">
      <Filter>Source Files</Filter>
    </ClCompile>
    <ClCompile Include="..\src\BulletCollision\CollisionDispatch\btSphereTriangleCollisionAlgorithm.cpp">
      <Filter>Source Files</Filter>
    </ClCompile>
    <ClCompile Include="..\src\BulletCollision\CollisionDispatch\btUnionFind.cpp">
      <Filter>Source Files</Filter>
    </ClCompile>
    <ClCompile Include="..\src\BulletCollision\CollisionDispatch\SphereTriangleDetector.cpp">
      <Filter>Source Files</Filter>
    </ClCompile>
    <ClCompile Include="..\src\BulletCollision\CollisionShapes\btBox2dShape.cpp">
      <Filter>Source Files</Filter>
    </ClCompile>
    <ClCompile Include="..\src\BulletCollision\CollisionShapes\btBoxShape.cpp">
      <Filter>Source Files</Filter>
    </ClCompile>
    <ClCompile Include="..\src\BulletCollision\CollisionShapes\btBvhTriangleMeshShape.cpp">
      <Filter>Source Files</Filter>
    </ClCompile>
    <ClCompile Include="..\src\BulletCollision\CollisionShapes\btCapsuleShape.cpp">
      <Filter>Source Files</Filter>
    </ClCompile>
    <ClCompile Include="..\src\BulletCollision\CollisionShapes\btCollisionShape.cpp">
      <Filter>Source Files</Filter>
    </ClCompile>
    <ClCompile Include="..\src\BulletCollision\CollisionShapes\btCompoundShape.cpp">
      <Filter>Source Files</Filter>
    </ClCompile>
    <ClCompile Include="..\src\BulletCollision\CollisionShapes\btConcaveShape.cpp">
      <Filter>Source Files</Filter>
    </ClCompile>
    <ClCompile Include="..\src\BulletCollision\CollisionShapes\btConeShape.cpp">
      <Filter>Source Files</Filter>
    </ClCompile>
    <ClCompile Include="..\src\BulletCollision\CollisionShapes\btConvex2dShape.cpp">
      <Filter>Source Files</Filter>
    </ClCompile>
    <ClCompile Include="..\src\BulletCollision\CollisionShapes\btConvexHullShape.cpp">
      <Filter>Source Files</Filter>
    </ClCompile>
    <ClCompile Include="..\src\BulletCollision\CollisionShapes\btConvexInternalShape.cpp">
      <Filter>Source Files</Filter>
    </ClCompile>
    <ClCompile Include="..\src\BulletCollision\CollisionShapes\btConvexPointCloudShape.cpp">
      <Filter>Source Files</Filter>
    </ClCompile>
    <ClCompile Include="..\src\BulletCollision\CollisionShapes\btConvexPolyhedron.cpp">
      <Filter>Source Files</Filter>
    </ClCompile>
    <ClCompile Include="..\src\BulletCollision\CollisionShapes\btConvexShape.cpp">
      <Filter>Source Files</Filter>
    </ClCompile>
    <ClCompile Include="..\src\BulletCollision\CollisionShapes\btConvexTriangleMeshShape.cpp">
      <Filter>Source Files</Filter>
    </ClCompile>
    <ClCompile Include="..\src\BulletCollision\CollisionShapes\btCylinderShape.cpp">
      <Filter>Source Files</Filter>
    </ClCompile>
    <ClCompile Include="..\src\BulletCollision\CollisionShapes\btEmptyShape.cpp">
      <Filter>Source Files</Filter>
    </ClCompile>
    <ClCompile Include="..\src\BulletCollision\CollisionShapes\btHeightfieldTerrainShape.cpp">
      <Filter>Source Files</Filter>
    </ClCompile>
    <ClCompile Include="..\src\BulletCollision\CollisionShapes\btMinkowskiSumShape.cpp">
      <Filter>Source Files</Filter>
    </ClCompile>
    <ClCompile Include="..\src\BulletCollision\CollisionShapes\btMultimaterialTriangleMeshShape.cpp">
      <Filter>Source Files</Filter>
    </ClCompile>
    <ClCompile Include="..\src\BulletCollision\CollisionShapes\btMultiSphereShape.cpp">
      <Filter>Source Files</Filter>
    </ClCompile>
    <ClCompile Include="..\src\BulletCollision\CollisionShapes\btOptimizedBvh.cpp">
      <Filter>Source Files</Filter>
    </ClCompile>
    <ClCompile Include="..\src\BulletCollision\CollisionShapes\btPolyhedralConvexShape.cpp">
      <Filter>Source Files</Filter>
    </ClCompile>
    <ClCompile Include="..\src\BulletCollision\CollisionShapes\btScaledBvhTriangleMeshShape.cpp">
      <Filter>Source Files</Filter>
    </ClCompile>
    <ClCompile Include="..\src\BulletCollision\CollisionShapes\btShapeHull.cpp">
      <Filter>Source Files</Filter>
    </ClCompile>
    <ClCompile Include="..\src\BulletCollision\CollisionShapes\btSphereShape.cpp">
      <Filter>Source Files</Filter>
    </ClCompile>
    <ClCompile Include="..\src\BulletCollision\CollisionShapes\btStaticPlaneShape.cpp">
      <Filter>Source Files</Filter>
    </ClCompile>
    <ClCompile Include="..\src\BulletCollision\CollisionShapes\btStridingMeshInterface.cpp">
      <Filter>Source Files</Filter>
    </ClCompile>
    <ClCompile Include="..\src\BulletCollision\CollisionShapes\btTetrahedronShape.cpp">
      <Filter>Source Files</Filter>
    </ClCompile>
    <ClCompile Include="..\src\BulletCollision\CollisionShapes\btTriangleBuffer.cpp">
      <Filter>Source Files</Filter>
    </ClCompile>
    <ClCompile Include="..\src\BulletCollision\CollisionShapes\btTriangleCallback.cpp">
      <Filter>Source Files</Filter>
    </ClCompile>
    <ClCompile Include="..\src\BulletCollision\CollisionShapes\btTriangleIndexVertexArray.cpp">
      <Filter>Source Files</Filter>
    </ClCompile>
    <ClCompile Include="..\src\BulletCollision\CollisionShapes\btTriangleIndexVertexMaterialArray.cpp">
      <Filter>Source Files</Filter>
    </ClCompile>
    <ClCompile Include="..\src\BulletCollision\CollisionShapes\btTriangleMesh.cpp">
      <Filter>Source Files</Filter>
    </ClCompile>
    <ClCompile Include="..\src\BulletCollision\CollisionShapes\btTriangleMeshShape.cpp">
      <Filter>Source Files</Filter>
    </ClCompile>
    <ClCompile Include="..\src\BulletCollision\CollisionShapes\btUniformScalingShape.cpp">
      <Filter>Source Files</Filter>
    </ClCompile>
    <ClCompile Include="..\src\BulletCollision\Gimpact\btContactProcessing.cpp">
      <Filter>Source Files</Filter>
    </ClCompile>
    <ClCompile Include="..\src\BulletCollision\Gimpact\btGenericPoolAllocator.cpp">
      <Filter>Source Files</Filter>
    </ClCompile>
    <ClCompile Include="..\src\BulletCollision\Gimpact\btGImpactBvh.cpp">
      <Filter>Source Files</Filter>
    </ClCompile>
    <ClCompile Include="..\src\BulletCollision\Gimpact\btGImpactCollisionAlgorithm.cpp">
      <Filter>Source Files</Filter>
    </ClCompile>
    <ClCompile Include="..\src\BulletCollision\Gimpact\btGImpactQuantizedBvh.cpp">
      <Filter>Source Files</Filter>
    </ClCompile>
    <ClCompile Include="..\src\BulletCollision\Gimpact\btGImpactShape.cpp">
      <Filter>Source Files</Filter>
    </ClCompile>
    <ClCompile Include="..\src\BulletCollision\Gimpact\btTriangleShapeEx.cpp">
      <Filter>Source Files</Filter>
    </ClCompile>
    <ClCompile Include="..\src\BulletCollision\Gimpact\gim_box_set.cpp">
      <Filter>Source Files</Filter>
    </ClCompile>
    <ClCompile Include="..\src\BulletCollision\Gimpact\gim_contact.cpp">
      <Filter>Source Files</Filter>
    </ClCompile>
    <ClCompile Include="..\src\BulletCollision\Gimpact\gim_memory.cpp">
      <Filter>Source Files</Filter>
    </ClCompile>
    <ClCompile Include="..\src\BulletCollision\Gimpact\gim_tri_collision.cpp">
      <Filter>Source Files</Filter>
    </ClCompile>
    <ClCompile Include="..\src\BulletCollision\NarrowPhaseCollision\btContinuousConvexCollision.cpp">
      <Filter>Source Files</Filter>
    </ClCompile>
    <ClCompile Include="..\src\BulletCollision\NarrowPhaseCollision\btConvexCast.cpp">
      <Filter>Source Files</Filter>
    </ClCompile>
    <ClCompile Include="..\src\BulletCollision\NarrowPhaseCollision\btGjkConvexCast.cpp">
      <Filter>Source Files</Filter>
    </ClCompile>
    <ClCompile Include="..\src\BulletCollision\NarrowPhaseCollision\btGjkEpa2.cpp">
      <Filter>Source Files</Filter>
    </ClCompile>
    <ClCompile Include="..\src\BulletCollision\NarrowPhaseCollision\btGjkEpaPenetrationDepthSolver.cpp">
      <Filter>Source Files</Filter>
    </ClCompile>
    <ClCompile Include="..\src\BulletCollision\NarrowPhaseCollision\btGjkPairDetector.cpp">
      <Filter>Source Files</Filter>
    </ClCompile>
    <ClCompile Include="..\src\BulletCollision\NarrowPhaseCollision\btMinkowskiPenetrationDepthSolver.cpp">
      <Filter>Source Files</Filter>
    </ClCompile>
    <ClCompile Include="..\src\BulletCollision\NarrowPhaseCollision\btPersistentManifold.cpp">
      <Filter>Source Files</Filter>
    </ClCompile>
    <ClCompile Include="..\src\BulletCollision\NarrowPhaseCollision\btPolyhedralContactClipping.cpp">
      <Filter>Source Files</Filter>
    </ClCompile>
    <ClCompile Include="..\src\BulletCollision\NarrowPhaseCollision\btRaycastCallback.cpp">
      <Filter>Source Files</Filter>
    </ClCompile>
    <ClCompile Include="..\src\BulletCollision\NarrowPhaseCollision\btSubSimplexConvexCast.cpp">
      <Filter>Source Files</Filter>
    </ClCompile>
    <ClCompile Include="..\src\BulletCollision\NarrowPhaseCollision\btVoronoiSimplexSolver.cpp">
      <Filter>Source Files</Filter>
    </ClCompile>
    <ClCompile Include="..\src\BulletDynamics\Character\btKinematicCharacterController.cpp">
      <Filter>Source Files</Filter>
    </ClCompile>
    <ClCompile Include="..\src\BulletDynamics\ConstraintSolver\btConeTwistConstraint.cpp">
      <Filter>Source Files</Filter>
    </ClCompile>
    <ClCompile Include="..\src\BulletDynamics\ConstraintSolver\btContactConstraint.cpp">
      <Filter>Source Files</Filter>
    </ClCompile>
    <ClCompile Include="..\src\BulletDynamics\ConstraintSolver\btFixedConstraint.cpp">
      <Filter>Source Files</Filter>
    </ClCompile>
    <ClCompile Include="..\src\BulletDynamics\ConstraintSolver\btGearConstraint.cpp">
      <Filter>Source Files</Filter>
    </ClCompile>
    <ClCompile Include="..\src\BulletDynamics\ConstraintSolver\btGeneric6DofConstraint.cpp">
      <Filter>Source Files</Filter>
    </ClCompile>
    <ClCompile Include="..\src\BulletDynamics\ConstraintSolver\btGeneric6DofSpring2Constraint.cpp">
      <Filter>Source Files</Filter>
    </ClCompile>
    <ClCompile Include="..\src\BulletDynamics\ConstraintSolver\btGeneric6DofSpringConstraint.cpp">
      <Filter>Source Files</Filter>
    </ClCompile>
    <ClCompile Include="..\src\BulletDynamics\ConstraintSolver\btHinge2Constraint.cpp">
      <Filter>Source Files</Filter>
    </ClCompile>
    <ClCompile Include="..\src\BulletDynamics\ConstraintSolver\btHingeConstraint.cpp">
      <Filter>Source Files</Filter>
    </ClCompile>
    <ClCompile Include="..\src\BulletDynamics\ConstraintSolver\btNNCGConstraintSolver.cpp">
      <Filter>Source Files</Filter>
    </ClCompile>
    <ClCompile Include="..\src\BulletDynamics\ConstraintSolver\btPoint2PointConstraint.cpp">
      <Filter>Source Files</Filter>
    </ClCompile>
    <ClCompile Include="..\src\BulletDynamics\ConstraintSolver\btSequentialImpulseConstraintSolver.cpp">
      <Filter>Source Files</Filter>
    </ClCompile>
    <ClCompile Include="..\src\BulletDynamics\ConstraintSolver\btSliderConstraint.cpp">
      <Filter>Source Files</Filter>
    </ClCompile>
    <ClCompile Include="..\src\BulletDynamics\ConstraintSolver\btSolve2LinearConstraint.cpp">
      <Filter>Source Files</Filter>
    </ClCompile>
    <ClCompile Include="..\src\BulletDynamics\ConstraintSolver\btTypedConstraint.cpp">
      <Filter>Source Files</Filter>
    </ClCompile>
    <ClCompile Include="..\src\BulletDynamics\ConstraintSolver\btUniversalConstraint.cpp">
      <Filter>Source Files</Filter>
    </ClCompile>
    <ClCompile Include="..\src\BulletDynamics\Dynamics\btDiscreteDynamicsWorld.cpp">
      <Filter>Source Files</Filter>
    </ClCompile>
    <ClCompile Include="..\src\BulletDynamics\Dynamics\btRigidBody.cpp">
      <Filter>Source Files</Filter>
    </ClCompile>
    <ClCompile Include="..\src\BulletDynamics\Dynamics\btSimpleDynamicsWorld.cpp">
      <Filter>Source Files</Filter>
    </ClCompile>
    <ClCompile Include="..\src\BulletDynamics\Featherstone\btMultiBody.cpp">
      <Filter>Source Files</Filter>
    </ClCompile>
    <ClCompile Include="..\src\BulletDynamics\Featherstone\btMultiBodyConstraint.cpp">
      <Filter>Source Files</Filter>
    </ClCompile>
    <ClCompile Include="..\src\BulletDynamics\Featherstone\btMultiBodyConstraintSolver.cpp">
      <Filter>Source Files</Filter>
    </ClCompile>
    <ClCompile Include="..\src\BulletDynamics\Featherstone\btMultiBodyDynamicsWorld.cpp">
      <Filter>Source Files</Filter>
    </ClCompile>
    <ClCompile Include="..\src\BulletDynamics\Featherstone\btMultiBodyJointLimitConstraint.cpp">
      <Filter>Source Files</Filter>
    </ClCompile>
    <ClCompile Include="..\src\BulletDynamics\Featherstone\btMultiBodyJointMotor.cpp">
      <Filter>Source Files</Filter>
    </ClCompile>
    <ClCompile Include="..\src\BulletDynamics\Featherstone\btMultiBodyPoint2Point.cpp">
      <Filter>Source Files</Filter>
    </ClCompile>
    <ClCompile Include="..\src\BulletDynamics\MLCPSolvers\btDantzigLCP.cpp">
      <Filter>Source Files</Filter>
    </ClCompile>
    <ClCompile Include="..\src\BulletDynamics\MLCPSolvers\btLemkeAlgorithm.cpp">
      <Filter>Source Files</Filter>
    </ClCompile>
    <ClCompile Include="..\src\BulletDynamics\MLCPSolvers\btMLCPSolver.cpp">
      <Filter>Source Files</Filter>
    </ClCompile>
    <ClCompile Include="..\src\BulletDynamics\Vehicle\btRaycastVehicle.cpp">
      <Filter>Source Files</Filter>
    </ClCompile>
    <ClCompile Include="..\src\BulletDynamics\Vehicle\btWheelInfo.cpp">
      <Filter>Source Files</Filter>
    </ClCompile>
    <ClCompile Include="..\src\BulletSoftBody\btDefaultSoftBodySolver.cpp">
      <Filter>Source Files</Filter>
    </ClCompile>
    <ClCompile Include="..\src\BulletSoftBody\btSoftBody.cpp">
      <Filter>Source Files</Filter>
    </ClCompile>
    <ClCompile Include="..\src\BulletSoftBody\btSoftBodyConcaveCollisionAlgorithm.cpp">
      <Filter>Source Files</Filter>
    </ClCompile>
    <ClCompile Include="..\src\BulletSoftBody\btSoftBodyHelpers.cpp">
      <Filter>Source Files</Filter>
    </ClCompile>
    <ClCompile Include="..\src\BulletSoftBody\btSoftBodyRigidBodyCollisionConfiguration.cpp">
      <Filter>Source Files</Filter>
    </ClCompile>
    <ClCompile Include="..\src\BulletSoftBody\btSoftRigidCollisionAlgorithm.cpp">
      <Filter>Source Files</Filter>
    </ClCompile>
    <ClCompile Include="..\src\BulletSoftBody\btSoftRigidDynamicsWorld.cpp">
      <Filter>Source Files</Filter>
    </ClCompile>
    <ClCompile Include="..\src\BulletSoftBody\btSoftSoftCollisionAlgorithm.cpp">
      <Filter>Source Files</Filter>
    </ClCompile>
    <ClCompile Include="..\src\clew\clew.c">
      <Filter>Source Files</Filter>
    </ClCompile>
    <ClCompile Include="..\src\LinearMath\btAlignedAllocator.cpp">
      <Filter>Source Files</Filter>
    </ClCompile>
    <ClCompile Include="..\src\LinearMath\btConvexHull.cpp">
      <Filter>Source Files</Filter>
    </ClCompile>
    <ClCompile Include="..\src\LinearMath\btConvexHullComputer.cpp">
      <Filter>Source Files</Filter>
    </ClCompile>
    <ClCompile Include="..\src\LinearMath\btGeometryUtil.cpp">
      <Filter>Source Files</Filter>
    </ClCompile>
    <ClCompile Include="..\src\LinearMath\btPolarDecomposition.cpp">
      <Filter>Source Files</Filter>
    </ClCompile>
    <ClCompile Include="..\src\LinearMath\btQuickprof.cpp">
      <Filter>Source Files</Filter>
    </ClCompile>
    <ClCompile Include="..\src\LinearMath\btSerializer.cpp">
      <Filter>Source Files</Filter>
    </ClCompile>
    <ClCompile Include="..\src\LinearMath\btVector3.cpp">
      <Filter>Source Files</Filter>
    </ClCompile>
    <ClCompile Include="..\Extras\ConvexDecomposition\bestfit.cpp">
      <Filter>Source Files</Filter>
    </ClCompile>
    <ClCompile Include="..\Extras\ConvexDecomposition\bestfitobb.cpp">
      <Filter>Source Files</Filter>
    </ClCompile>
    <ClCompile Include="..\Extras\ConvexDecomposition\cd_hull.cpp">
      <Filter>Source Files</Filter>
    </ClCompile>
    <ClCompile Include="..\Extras\ConvexDecomposition\cd_wavefront.cpp">
      <Filter>Source Files</Filter>
    </ClCompile>
    <ClCompile Include="..\Extras\ConvexDecomposition\concavity.cpp">
      <Filter>Source Files</Filter>
    </ClCompile>
    <ClCompile Include="..\Extras\ConvexDecomposition\ConvexBuilder.cpp">
      <Filter>Source Files</Filter>
    </ClCompile>
    <ClCompile Include="..\Extras\ConvexDecomposition\ConvexDecomposition.cpp">
      <Filter>Source Files</Filter>
    </ClCompile>
    <ClCompile Include="..\Extras\ConvexDecomposition\fitsphere.cpp">
      <Filter>Source Files</Filter>
    </ClCompile>
    <ClCompile Include="..\Extras\ConvexDecomposition\float_math.cpp">
      <Filter>Source Files</Filter>
    </ClCompile>
    <ClCompile Include="..\Extras\ConvexDecomposition\meshvolume.cpp">
      <Filter>Source Files</Filter>
    </ClCompile>
    <ClCompile Include="..\Extras\ConvexDecomposition\planetri.cpp">
      <Filter>Source Files</Filter>
    </ClCompile>
    <ClCompile Include="..\Extras\ConvexDecomposition\raytri.cpp">
      <Filter>Source Files</Filter>
    </ClCompile>
    <ClCompile Include="..\Extras\ConvexDecomposition\splitplane.cpp">
      <Filter>Source Files</Filter>
    </ClCompile>
    <ClCompile Include="..\Extras\ConvexDecomposition\vlookup.cpp">
      <Filter>Source Files</Filter>
    </ClCompile>
    <ClCompile Include="..\Extras\GIMPACTUtils\btGImpactConvexDecompositionShape.cpp">
      <Filter>Source Files</Filter>
    </ClCompile>
    <ClCompile Include="..\Extras\HACD\hacdGraph.cpp">
      <Filter>Source Files</Filter>
    </ClCompile>
    <ClCompile Include="..\Extras\HACD\hacdHACD.cpp">
      <Filter>Source Files</Filter>
    </ClCompile>
    <ClCompile Include="..\Extras\HACD\hacdICHull.cpp">
      <Filter>Source Files</Filter>
    </ClCompile>
    <ClCompile Include="..\Extras\HACD\hacdManifoldMesh.cpp">
      <Filter>Source Files</Filter>
    </ClCompile>
    <ClCompile Include="..\Extras\Serialize\BulletFileLoader\bChunk.cpp">
      <Filter>Source Files</Filter>
    </ClCompile>
    <ClCompile Include="..\Extras\Serialize\BulletFileLoader\bDNA.cpp">
      <Filter>Source Files</Filter>
    </ClCompile>
    <ClCompile Include="..\Extras\Serialize\BulletFileLoader\bFile.cpp">
      <Filter>Source Files</Filter>
    </ClCompile>
    <ClCompile Include="..\Extras\Serialize\BulletFileLoader\btBulletFile.cpp">
      <Filter>Source Files</Filter>
    </ClCompile>
    <ClCompile Include="..\Extras\Serialize\BulletWorldImporter\btBulletWorldImporter.cpp">
      <Filter>Source Files</Filter>
    </ClCompile>
    <ClCompile Include="..\Extras\Serialize\BulletWorldImporter\btWorldImporter.cpp">
      <Filter>Source Files</Filter>
    </ClCompile>
    <ClCompile Include="..\Extras\Serialize\BulletXmlWorldImporter\btBulletXmlWorldImporter.cpp">
      <Filter>Source Files</Filter>
    </ClCompile>
    <ClCompile Include="..\Extras\Serialize\BulletXmlWorldImporter\string_split.cpp">
      <Filter>Source Files</Filter>
    </ClCompile>
    <ClCompile Include="..\Extras\Serialize\BulletXmlWorldImporter\tinystr.cpp">
      <Filter>Source Files</Filter>
    </ClCompile>
    <ClCompile Include="..\Extras\Serialize\BulletXmlWorldImporter\tinyxml.cpp">
      <Filter>Source Files</Filter>
    </ClCompile>
    <ClCompile Include="..\Extras\Serialize\BulletXmlWorldImporter\tinyxmlerror.cpp">
      <Filter>Source Files</Filter>
    </ClCompile>
    <ClCompile Include="..\Extras\Serialize\BulletXmlWorldImporter\tinyxmlparser.cpp">
      <Filter>Source Files</Filter>
    </ClCompile>
    <ClCompile Include="..\libbulletc\btActionInterface_wrap.cpp">
      <Filter>Source Files</Filter>
    </ClCompile>
    <ClCompile Include="..\libbulletc\btAlignedObjectArray_wrap.cpp">
      <Filter>Source Files</Filter>
    </ClCompile>
    <ClCompile Include="..\libbulletc\btAxisSweep3_wrap.cpp">
      <Filter>Source Files</Filter>
    </ClCompile>
    <ClCompile Include="..\libbulletc\btBox2dBox2dCollisionAlgorithm_wrap.cpp">
      <Filter>Source Files</Filter>
    </ClCompile>
    <ClCompile Include="..\libbulletc\btBox2dShape_wrap.cpp">
      <Filter>Source Files</Filter>
    </ClCompile>
    <ClCompile Include="..\libbulletc\btBoxBoxCollisionAlgorithm_wrap.cpp">
      <Filter>Source Files</Filter>
    </ClCompile>
    <ClCompile Include="..\libbulletc\btBoxBoxDetector_wrap.cpp">
      <Filter>Source Files</Filter>
    </ClCompile>
    <ClCompile Include="..\libbulletc\btBoxCollision_wrap.cpp">
      <Filter>Source Files</Filter>
    </ClCompile>
    <ClCompile Include="..\libbulletc\btBoxShape_wrap.cpp">
      <Filter>Source Files</Filter>
    </ClCompile>
    <ClCompile Include="..\libbulletc\btBroadphaseInterface_wrap.cpp">
      <Filter>Source Files</Filter>
    </ClCompile>
    <ClCompile Include="..\libbulletc\btBroadphaseProxy_wrap.cpp">
      <Filter>Source Files</Filter>
    </ClCompile>
    <ClCompile Include="..\libbulletc\btBulletFile_wrap.cpp">
      <Filter>Source Files</Filter>
    </ClCompile>
    <ClCompile Include="..\libbulletc\btBulletWorldImporter_wrap.cpp">
      <Filter>Source Files</Filter>
    </ClCompile>
    <ClCompile Include="..\libbulletc\btBulletXmlWorldImporter_wrap.cpp">
      <Filter>Source Files</Filter>
    </ClCompile>
    <ClCompile Include="..\libbulletc\btBvhTriangleMeshShape_wrap.cpp">
      <Filter>Source Files</Filter>
    </ClCompile>
    <ClCompile Include="..\libbulletc\btCapsuleShape_wrap.cpp">
      <Filter>Source Files</Filter>
    </ClCompile>
    <ClCompile Include="..\libbulletc\btCharacterControllerInterface_wrap.cpp">
      <Filter>Source Files</Filter>
    </ClCompile>
    <ClCompile Include="..\libbulletc\btCollisionAlgorithm_wrap.cpp">
      <Filter>Source Files</Filter>
    </ClCompile>
    <ClCompile Include="..\libbulletc\btCollisionConfiguration_wrap.cpp">
      <Filter>Source Files</Filter>
    </ClCompile>
    <ClCompile Include="..\libbulletc\btCollisionCreateFunc_wrap.cpp">
      <Filter>Source Files</Filter>
    </ClCompile>
    <ClCompile Include="..\libbulletc\btCollisionDispatcher_wrap.cpp">
      <Filter>Source Files</Filter>
    </ClCompile>
    <ClCompile Include="..\libbulletc\btCollisionObjectWrapper_wrap.cpp">
      <Filter>Source Files</Filter>
    </ClCompile>
    <ClCompile Include="..\libbulletc\btCollisionObject_wrap.cpp">
      <Filter>Source Files</Filter>
    </ClCompile>
    <ClCompile Include="..\libbulletc\btCollisionShape_wrap.cpp">
      <Filter>Source Files</Filter>
    </ClCompile>
    <ClCompile Include="..\libbulletc\btCollisionWorld_wrap.cpp">
      <Filter>Source Files</Filter>
    </ClCompile>
    <ClCompile Include="..\libbulletc\btCompoundCollisionAlgorithm_wrap.cpp">
      <Filter>Source Files</Filter>
    </ClCompile>
    <ClCompile Include="..\libbulletc\btCompoundCompoundCollisionAlgorithm_wrap.cpp">
      <Filter>Source Files</Filter>
    </ClCompile>
    <ClCompile Include="..\libbulletc\btCompoundFromGimpact_wrap.cpp">
      <Filter>Source Files</Filter>
    </ClCompile>
    <ClCompile Include="..\libbulletc\btCompoundShape_wrap.cpp">
      <Filter>Source Files</Filter>
    </ClCompile>
    <ClCompile Include="..\libbulletc\btConcaveShape_wrap.cpp">
      <Filter>Source Files</Filter>
    </ClCompile>
    <ClCompile Include="..\libbulletc\btConeShape_wrap.cpp">
      <Filter>Source Files</Filter>
    </ClCompile>
    <ClCompile Include="..\libbulletc\btConeTwistConstraint_wrap.cpp">
      <Filter>Source Files</Filter>
    </ClCompile>
    <ClCompile Include="..\libbulletc\btConstraintSolver_wrap.cpp">
      <Filter>Source Files</Filter>
    </ClCompile>
    <ClCompile Include="..\libbulletc\btContactConstraint_wrap.cpp">
      <Filter>Source Files</Filter>
    </ClCompile>
    <ClCompile Include="..\libbulletc\btContactSolverInfo_wrap.cpp">
      <Filter>Source Files</Filter>
    </ClCompile>
    <ClCompile Include="..\libbulletc\btContinuousConvexCollision_wrap.cpp">
      <Filter>Source Files</Filter>
    </ClCompile>
    <ClCompile Include="..\libbulletc\btConvex2dConvex2dAlgorithm_wrap.cpp">
      <Filter>Source Files</Filter>
    </ClCompile>
    <ClCompile Include="..\libbulletc\btConvex2dShape_wrap.cpp">
      <Filter>Source Files</Filter>
    </ClCompile>
    <ClCompile Include="..\libbulletc\btConvexCast_wrap.cpp">
      <Filter>Source Files</Filter>
    </ClCompile>
    <ClCompile Include="..\libbulletc\btConvexConcaveCollisionAlgorithm_wrap.cpp">
      <Filter>Source Files</Filter>
    </ClCompile>
    <ClCompile Include="..\libbulletc\btConvexConvexAlgorithm_wrap.cpp">
      <Filter>Source Files</Filter>
    </ClCompile>
    <ClCompile Include="..\libbulletc\btConvexHullShape_wrap.cpp">
      <Filter>Source Files</Filter>
    </ClCompile>
    <ClCompile Include="..\libbulletc\btConvexInternalShape_wrap.cpp">
      <Filter>Source Files</Filter>
    </ClCompile>
    <ClCompile Include="..\libbulletc\btConvexPenetrationDepthSolver_wrap.cpp">
      <Filter>Source Files</Filter>
    </ClCompile>
    <ClCompile Include="..\libbulletc\btConvexPlaneCollisionAlgorithm_wrap.cpp">
      <Filter>Source Files</Filter>
    </ClCompile>
    <ClCompile Include="..\libbulletc\btConvexPointCloudShape_wrap.cpp">
      <Filter>Source Files</Filter>
    </ClCompile>
    <ClCompile Include="..\libbulletc\btConvexPolyhedron_wrap.cpp">
      <Filter>Source Files</Filter>
    </ClCompile>
    <ClCompile Include="..\libbulletc\btConvexShape_wrap.cpp">
      <Filter>Source Files</Filter>
    </ClCompile>
    <ClCompile Include="..\libbulletc\btConvexTriangleMeshShape_wrap.cpp">
      <Filter>Source Files</Filter>
    </ClCompile>
    <ClCompile Include="..\libbulletc\btCylinderShape_wrap.cpp">
      <Filter>Source Files</Filter>
    </ClCompile>
    <ClCompile Include="..\libbulletc\btDantzigSolver_wrap.cpp">
      <Filter>Source Files</Filter>
    </ClCompile>
    <ClCompile Include="..\libbulletc\btDbvtBroadphase_wrap.cpp">
      <Filter>Source Files</Filter>
    </ClCompile>
    <ClCompile Include="..\libbulletc\btDbvt_wrap.cpp">
      <Filter>Source Files</Filter>
    </ClCompile>
    <ClCompile Include="..\libbulletc\btDefaultCollisionConfiguration_wrap.cpp">
      <Filter>Source Files</Filter>
    </ClCompile>
    <ClCompile Include="..\libbulletc\btDefaultMotionState_wrap.cpp">
      <Filter>Source Files</Filter>
    </ClCompile>
    <ClCompile Include="..\libbulletc\btDefaultSoftBodySolver_wrap.cpp">
      <Filter>Source Files</Filter>
    </ClCompile>
    <ClCompile Include="..\libbulletc\btDiscreteCollisionDetectorInterface_wrap.cpp">
      <Filter>Source Files</Filter>
    </ClCompile>
    <ClCompile Include="..\libbulletc\btDiscreteDynamicsWorld_wrap.cpp">
      <Filter>Source Files</Filter>
    </ClCompile>
    <ClCompile Include="..\libbulletc\btDispatcher_wrap.cpp">
      <Filter>Source Files</Filter>
    </ClCompile>
    <ClCompile Include="..\libbulletc\btDynamicsWorld_wrap.cpp">
      <Filter>Source Files</Filter>
    </ClCompile>
    <ClCompile Include="..\libbulletc\btEmptyCollisionAlgorithm_wrap.cpp">
      <Filter>Source Files</Filter>
    </ClCompile>
    <ClCompile Include="..\libbulletc\btEmptyShape_wrap.cpp">
      <Filter>Source Files</Filter>
    </ClCompile>
    <ClCompile Include="..\libbulletc\btFixedConstraint_wrap.cpp">
      <Filter>Source Files</Filter>
    </ClCompile>
    <ClCompile Include="..\libbulletc\btGearConstraint_wrap.cpp">
      <Filter>Source Files</Filter>
    </ClCompile>
    <ClCompile Include="..\libbulletc\btGeneric6DofConstraint_wrap.cpp">
      <Filter>Source Files</Filter>
    </ClCompile>
    <ClCompile Include="..\libbulletc\btGeneric6DofSpring2Constraint_wrap.cpp">
      <Filter>Source Files</Filter>
    </ClCompile>
    <ClCompile Include="..\libbulletc\btGeneric6DofSpringConstraint_wrap.cpp">
      <Filter>Source Files</Filter>
    </ClCompile>
    <ClCompile Include="..\libbulletc\btGeometryUtil_wrap.cpp">
      <Filter>Source Files</Filter>
    </ClCompile>
    <ClCompile Include="..\libbulletc\btGhostObject_wrap.cpp">
      <Filter>Source Files</Filter>
    </ClCompile>
    <ClCompile Include="..\libbulletc\btGImpactBvh_wrap.cpp">
      <Filter>Source Files</Filter>
    </ClCompile>
    <ClCompile Include="..\libbulletc\btGImpactCollisionAlgorithm_wrap.cpp">
      <Filter>Source Files</Filter>
    </ClCompile>
    <ClCompile Include="..\libbulletc\btGImpactQuantizedBvh_wrap.cpp">
      <Filter>Source Files</Filter>
    </ClCompile>
    <ClCompile Include="..\libbulletc\btGImpactShape_wrap.cpp">
      <Filter>Source Files</Filter>
    </ClCompile>
    <ClCompile Include="..\libbulletc\btGjkConvexCast_wrap.cpp">
      <Filter>Source Files</Filter>
    </ClCompile>
    <ClCompile Include="..\libbulletc\btGjkEpaPenetrationDepthSolver_wrap.cpp">
      <Filter>Source Files</Filter>
    </ClCompile>
    <ClCompile Include="..\libbulletc\btGjkPairDetector_wrap.cpp">
      <Filter>Source Files</Filter>
    </ClCompile>
    <ClCompile Include="..\libbulletc\btHeightfieldTerrainShape_wrap.cpp">
      <Filter>Source Files</Filter>
    </ClCompile>
    <ClCompile Include="..\libbulletc\btHinge2Constraint_wrap.cpp">
      <Filter>Source Files</Filter>
    </ClCompile>
    <ClCompile Include="..\libbulletc\btHingeConstraint_wrap.cpp">
      <Filter>Source Files</Filter>
    </ClCompile>
    <ClCompile Include="..\libbulletc\btIDebugDraw_wrap.cpp">
      <Filter>Source Files</Filter>
    </ClCompile>
    <ClCompile Include="..\libbulletc\btKinematicCharacterController_wrap.cpp">
      <Filter>Source Files</Filter>
    </ClCompile>
    <ClCompile Include="..\libbulletc\btLemkeSolver_wrap.cpp">
      <Filter>Source Files</Filter>
    </ClCompile>
    <ClCompile Include="..\libbulletc\btManifoldPoint_wrap.cpp">
      <Filter>Source Files</Filter>
    </ClCompile>
    <ClCompile Include="..\libbulletc\btManifoldResult_wrap.cpp">
      <Filter>Source Files</Filter>
    </ClCompile>
    <ClCompile Include="..\libbulletc\btMinkowskiPenetrationDepthSolver_wrap.cpp">
      <Filter>Source Files</Filter>
    </ClCompile>
    <ClCompile Include="..\libbulletc\btMinkowskiSumShape_wrap.cpp">
      <Filter>Source Files</Filter>
    </ClCompile>
    <ClCompile Include="..\libbulletc\btMLCPSolverInterface_wrap.cpp">
      <Filter>Source Files</Filter>
    </ClCompile>
    <ClCompile Include="..\libbulletc\btMLCPSolver_wrap.cpp">
      <Filter>Source Files</Filter>
    </ClCompile>
    <ClCompile Include="..\libbulletc\btMotionState_wrap.cpp">
      <Filter>Source Files</Filter>
    </ClCompile>
    <ClCompile Include="..\libbulletc\btMultiBodyConstraintSolver_wrap.cpp">
      <Filter>Source Files</Filter>
    </ClCompile>
    <ClCompile Include="..\libbulletc\btMultiBodyConstraint_wrap.cpp">
      <Filter>Source Files</Filter>
    </ClCompile>
    <ClCompile Include="..\libbulletc\btMultiBodyDynamicsWorld_wrap.cpp">
      <Filter>Source Files</Filter>
    </ClCompile>
    <ClCompile Include="..\libbulletc\btMultiBodyJointLimitConstraint_wrap.cpp">
      <Filter>Source Files</Filter>
    </ClCompile>
    <ClCompile Include="..\libbulletc\btMultiBodyJointMotor_wrap.cpp">
      <Filter>Source Files</Filter>
    </ClCompile>
    <ClCompile Include="..\libbulletc\btMultiBodyLinkCollider_wrap.cpp">
      <Filter>Source Files</Filter>
    </ClCompile>
    <ClCompile Include="..\libbulletc\btMultiBodyLink_wrap.cpp">
      <Filter>Source Files</Filter>
    </ClCompile>
    <ClCompile Include="..\libbulletc\btMultiBodyPoint2Point_wrap.cpp">
      <Filter>Source Files</Filter>
    </ClCompile>
    <ClCompile Include="..\libbulletc\btMultiBodySolverConstraint_wrap.cpp">
      <Filter>Source Files</Filter>
    </ClCompile>
    <ClCompile Include="..\libbulletc\btMultiBody_wrap.cpp">
      <Filter>Source Files</Filter>
    </ClCompile>
    <ClCompile Include="..\libbulletc\btMultimaterialTriangleMeshShape_wrap.cpp">
      <Filter>Source Files</Filter>
    </ClCompile>
    <ClCompile Include="..\libbulletc\btMultiSphereShape_wrap.cpp">
      <Filter>Source Files</Filter>
    </ClCompile>
    <ClCompile Include="..\libbulletc\btNNCGConstraintSolver_wrap.cpp">
      <Filter>Source Files</Filter>
    </ClCompile>
    <ClCompile Include="..\libbulletc\btOptimizedBvh_wrap.cpp">
      <Filter>Source Files</Filter>
    </ClCompile>
    <ClCompile Include="..\libbulletc\btOverlappingPairCache_wrap.cpp">
      <Filter>Source Files</Filter>
    </ClCompile>
    <ClCompile Include="..\libbulletc\btOverlappingPairCallback_wrap.cpp">
      <Filter>Source Files</Filter>
    </ClCompile>
    <ClCompile Include="..\libbulletc\btPersistentManifold_wrap.cpp">
      <Filter>Source Files</Filter>
    </ClCompile>
    <ClCompile Include="..\libbulletc\btPoint2PointConstraint_wrap.cpp">
      <Filter>Source Files</Filter>
    </ClCompile>
    <ClCompile Include="..\libbulletc\btPointCollector_wrap.cpp">
      <Filter>Source Files</Filter>
    </ClCompile>
    <ClCompile Include="..\libbulletc\btPolarDecomposition_wrap.cpp">
      <Filter>Source Files</Filter>
    </ClCompile>
    <ClCompile Include="..\libbulletc\btPolyhedralConvexShape_wrap.cpp">
      <Filter>Source Files</Filter>
    </ClCompile>
    <ClCompile Include="..\libbulletc\btQuantizedBvh_wrap.cpp">
      <Filter>Source Files</Filter>
    </ClCompile>
    <ClCompile Include="..\libbulletc\btRaycastVehicle_wrap.cpp">
      <Filter>Source Files</Filter>
    </ClCompile>
    <ClCompile Include="..\libbulletc\btRigidBody_wrap.cpp">
      <Filter>Source Files</Filter>
    </ClCompile>
    <ClCompile Include="..\libbulletc\btScaledBvhTriangleMeshShape_wrap.cpp">
      <Filter>Source Files</Filter>
    </ClCompile>
    <ClCompile Include="..\libbulletc\btSequentialImpulseConstraintSolver_wrap.cpp">
      <Filter>Source Files</Filter>
    </ClCompile>
    <ClCompile Include="..\libbulletc\btSerializer_wrap.cpp">
      <Filter>Source Files</Filter>
    </ClCompile>
    <ClCompile Include="..\libbulletc\btShapeHull_wrap.cpp">
      <Filter>Source Files</Filter>
    </ClCompile>
    <ClCompile Include="..\libbulletc\btSimulationIslandManager_wrap.cpp">
      <Filter>Source Files</Filter>
    </ClCompile>
    <ClCompile Include="..\libbulletc\btSliderConstraint_wrap.cpp">
      <Filter>Source Files</Filter>
    </ClCompile>
    <ClCompile Include="..\libbulletc\btSoftBodyConcaveCollisionAlgorithm_wrap.cpp">
      <Filter>Source Files</Filter>
    </ClCompile>
    <ClCompile Include="..\libbulletc\btSoftBodyHelpers_wrap.cpp">
      <Filter>Source Files</Filter>
    </ClCompile>
    <ClCompile Include="..\libbulletc\btSoftBodyRigidBodyCollisionConfiguration_wrap.cpp">
      <Filter>Source Files</Filter>
    </ClCompile>
    <ClCompile Include="..\libbulletc\btSoftBodySolvers_wrap.cpp">
      <Filter>Source Files</Filter>
    </ClCompile>
    <ClCompile Include="..\libbulletc\btSoftBody_wrap.cpp">
      <Filter>Source Files</Filter>
    </ClCompile>
    <ClCompile Include="..\libbulletc\btSoftRigidCollisionAlgorithm_wrap.cpp">
      <Filter>Source Files</Filter>
    </ClCompile>
    <ClCompile Include="..\libbulletc\btSoftRigidDynamicsWorld_wrap.cpp">
      <Filter>Source Files</Filter>
    </ClCompile>
    <ClCompile Include="..\libbulletc\btSoftSoftCollisionAlgorithm_wrap.cpp">
      <Filter>Source Files</Filter>
    </ClCompile>
    <ClCompile Include="..\libbulletc\btSparseSdf3_wrap.cpp">
      <Filter>Source Files</Filter>
    </ClCompile>
    <ClCompile Include="..\libbulletc\btSphereBoxCollisionAlgorithm_wrap.cpp">
      <Filter>Source Files</Filter>
    </ClCompile>
    <ClCompile Include="..\libbulletc\btSphereShape_wrap.cpp">
      <Filter>Source Files</Filter>
    </ClCompile>
    <ClCompile Include="..\libbulletc\btSphereSphereCollisionAlgorithm_wrap.cpp">
      <Filter>Source Files</Filter>
    </ClCompile>
    <ClCompile Include="..\libbulletc\btSphereTriangleCollisionAlgorithm_wrap.cpp">
      <Filter>Source Files</Filter>
    </ClCompile>
    <ClCompile Include="..\libbulletc\btStaticPlaneShape_wrap.cpp">
      <Filter>Source Files</Filter>
    </ClCompile>
    <ClCompile Include="..\libbulletc\btStridingMeshInterface_wrap.cpp">
      <Filter>Source Files</Filter>
    </ClCompile>
    <ClCompile Include="..\libbulletc\btTetrahedronShape_wrap.cpp">
      <Filter>Source Files</Filter>
    </ClCompile>
    <ClCompile Include="..\libbulletc\btTransformUtil_wrap.cpp">
      <Filter>Source Files</Filter>
    </ClCompile>
    <ClCompile Include="..\libbulletc\btTriangleBuffer_wrap.cpp">
      <Filter>Source Files</Filter>
    </ClCompile>
    <ClCompile Include="..\libbulletc\btTriangleCallback_wrap.cpp">
      <Filter>Source Files</Filter>
    </ClCompile>
    <ClCompile Include="..\libbulletc\btTriangleIndexVertexArray_wrap.cpp">
      <Filter>Source Files</Filter>
    </ClCompile>
    <ClCompile Include="..\libbulletc\btTriangleIndexVertexMaterialArray_wrap.cpp">
      <Filter>Source Files</Filter>
    </ClCompile>
    <ClCompile Include="..\libbulletc\btTriangleInfoMap_wrap.cpp">
      <Filter>Source Files</Filter>
    </ClCompile>
    <ClCompile Include="..\libbulletc\btTriangleMeshShape_wrap.cpp">
      <Filter>Source Files</Filter>
    </ClCompile>
    <ClCompile Include="..\libbulletc\btTriangleMesh_wrap.cpp">
      <Filter>Source Files</Filter>
    </ClCompile>
    <ClCompile Include="..\libbulletc\btTriangleShape_wrap.cpp">
      <Filter>Source Files</Filter>
    </ClCompile>
    <ClCompile Include="..\libbulletc\btTypedConstraint_wrap.cpp">
      <Filter>Source Files</Filter>
    </ClCompile>
    <ClCompile Include="..\libbulletc\btUniformScalingShape_wrap.cpp">
      <Filter>Source Files</Filter>
    </ClCompile>
    <ClCompile Include="..\libbulletc\btUnionFind_wrap.cpp">
      <Filter>Source Files</Filter>
    </ClCompile>
    <ClCompile Include="..\libbulletc\btUniversalConstraint_wrap.cpp">
      <Filter>Source Files</Filter>
    </ClCompile>
    <ClCompile Include="..\libbulletc\btVehicleRaycaster_wrap.cpp">
      <Filter>Source Files</Filter>
    </ClCompile>
    <ClCompile Include="..\libbulletc\btVoronoiSimplexSolver_wrap.cpp">
      <Filter>Source Files</Filter>
    </ClCompile>
    <ClCompile Include="..\libbulletc\btWheelInfo_wrap.cpp">
      <Filter>Source Files</Filter>
    </ClCompile>
    <ClCompile Include="..\libbulletc\btWorldImporter_wrap.cpp">
      <Filter>Source Files</Filter>
    </ClCompile>
    <ClCompile Include="..\libbulletc\collections.cpp">
      <Filter>Source Files</Filter>
    </ClCompile>
    <ClCompile Include="..\libbulletc\hacdHACD_wrap.cpp">
      <Filter>Source Files</Filter>
    </ClCompile>
    <ClCompile Include="..\..\..\bullet3\Extras\Serialize\BulletXmlWorldImporter\string_split.cpp">
      <Filter>Source Files</Filter>
    </ClCompile>
    <ClCompile Include="..\..\..\bullet3\Extras\Serialize\BulletXmlWorldImporter\tinystr.cpp">
      <Filter>Source Files</Filter>
    </ClCompile>
    <ClCompile Include="..\..\..\bullet3\Extras\Serialize\BulletXmlWorldImporter\tinyxml.cpp">
      <Filter>Source Files</Filter>
    </ClCompile>
    <ClCompile Include="..\..\..\bullet3\Extras\Serialize\BulletXmlWorldImporter\tinyxmlerror.cpp">
      <Filter>Source Files</Filter>
    </ClCompile>
    <ClCompile Include="..\..\..\bullet3\Extras\Serialize\BulletXmlWorldImporter\tinyxmlparser.cpp">
      <Filter>Source Files</Filter>
    </ClCompile>
  </ItemGroup>
  <ItemGroup>
    <None Include="..\Extras\HACD\hacdCircularList.inl">
      <Filter>Source Files</Filter>
    </None>
    <None Include="..\Extras\HACD\hacdVector.inl">
      <Filter>Source Files</Filter>
    </None>
  </ItemGroup>
</Project>